// !$*UTF8*$!
{
	archiveVersion = 1;
	classes = {
	};
	objectVersion = 46;
	objects = {

/* Begin PBXBuildFile section */
		6F23A6901989F40200027E9B /* shadowbig.png in Resources */ = {isa = PBXBuildFile; fileRef = 6F23A68D1989F40200027E9B /* shadowbig.png */; };
		6F23A6911989F40200027E9B /* shadownormal.png in Resources */ = {isa = PBXBuildFile; fileRef = 6F23A68E1989F40200027E9B /* shadownormal.png */; };
		6F23A6921989F40200027E9B /* shadowsmall.png in Resources */ = {isa = PBXBuildFile; fileRef = 6F23A68F1989F40200027E9B /* shadowsmall.png */; };
		6F2DF1B6198A613800FCD7A2 /* icon_Feedback_normal@2x.png in Resources */ = {isa = PBXBuildFile; fileRef = 6F2DF1AC198A613800FCD7A2 /* icon_Feedback_normal@2x.png */; };
		6F2DF1B7198A613800FCD7A2 /* icon_Feedback_pressed@2x.png in Resources */ = {isa = PBXBuildFile; fileRef = 6F2DF1AD198A613800FCD7A2 /* icon_Feedback_pressed@2x.png */; };
		6F2DF1B8198A613800FCD7A2 /* icon_Follow us_norma@2x.png in Resources */ = {isa = PBXBuildFile; fileRef = 6F2DF1AE198A613800FCD7A2 /* icon_Follow us_norma@2x.png */; };
		6F2DF1B9198A613800FCD7A2 /* icon_Follow us_pressed@2x.png in Resources */ = {isa = PBXBuildFile; fileRef = 6F2DF1AF198A613800FCD7A2 /* icon_Follow us_pressed@2x.png */; };
		6F2DF1BA198A613800FCD7A2 /* icon_grade_norma@2x.png in Resources */ = {isa = PBXBuildFile; fileRef = 6F2DF1B0198A613800FCD7A2 /* icon_grade_norma@2x.png */; };
		6F2DF1BB198A613800FCD7A2 /* icon_grade_pressed@2x.png in Resources */ = {isa = PBXBuildFile; fileRef = 6F2DF1B1198A613800FCD7A2 /* icon_grade_pressed@2x.png */; };
		6F2DF1BC198A613800FCD7A2 /* icon_share__pressed@2x.png in Resources */ = {isa = PBXBuildFile; fileRef = 6F2DF1B2198A613800FCD7A2 /* icon_share__pressed@2x.png */; };
		6F2DF1BD198A613800FCD7A2 /* icon_share_normal@2x.png in Resources */ = {isa = PBXBuildFile; fileRef = 6F2DF1B3198A613800FCD7A2 /* icon_share_normal@2x.png */; };
		6F2DF1BE198A613800FCD7A2 /* icon_update_normal@2x.png in Resources */ = {isa = PBXBuildFile; fileRef = 6F2DF1B4198A613800FCD7A2 /* icon_update_normal@2x.png */; };
		6F2DF1BF198A613800FCD7A2 /* icon_update_pressed@2x.png in Resources */ = {isa = PBXBuildFile; fileRef = 6F2DF1B5198A613800FCD7A2 /* icon_update_pressed@2x.png */; };
		6F383BCA1989EF0300815ACA /* libGoogleAdMobAds.a in Frameworks */ = {isa = PBXBuildFile; fileRef = 6F383BC81989EF0300815ACA /* libGoogleAdMobAds.a */; };
		6F53778F1988C68B003A40C3 /* FTF_MaterialViewController.m in Sources */ = {isa = PBXBuildFile; fileRef = 6F53778D1988C68B003A40C3 /* FTF_MaterialViewController.m */; };
		6F5377901988C68B003A40C3 /* FTF_MaterialViewController.xib in Resources */ = {isa = PBXBuildFile; fileRef = 6F53778E1988C68B003A40C3 /* FTF_MaterialViewController.xib */; };
		6F5377941988C7EE003A40C3 /* FTF_MaterialView.m in Sources */ = {isa = PBXBuildFile; fileRef = 6F5377931988C7EE003A40C3 /* FTF_MaterialView.m */; };
		6F5377971988C823003A40C3 /* FTF_MaterialCell.m in Sources */ = {isa = PBXBuildFile; fileRef = 6F5377961988C823003A40C3 /* FTF_MaterialCell.m */; };
		6F5377A11988C96D003A40C3 /* animal01.jpg in Resources */ = {isa = PBXBuildFile; fileRef = 6F5377991988C96D003A40C3 /* animal01.jpg */; };
		6F5377A21988C96D003A40C3 /* animal02.jpg in Resources */ = {isa = PBXBuildFile; fileRef = 6F53779A1988C96D003A40C3 /* animal02.jpg */; };
		6F5377A31988C96D003A40C3 /* animal03.jpg in Resources */ = {isa = PBXBuildFile; fileRef = 6F53779B1988C96D003A40C3 /* animal03.jpg */; };
		6F5377A41988C96D003A40C3 /* animal04.jpg in Resources */ = {isa = PBXBuildFile; fileRef = 6F53779C1988C96D003A40C3 /* animal04.jpg */; };
		6F5377A51988C96D003A40C3 /* animal05.jpg in Resources */ = {isa = PBXBuildFile; fileRef = 6F53779D1988C96D003A40C3 /* animal05.jpg */; };
		6F5377A61988C96D003A40C3 /* animal06.jpg in Resources */ = {isa = PBXBuildFile; fileRef = 6F53779E1988C96D003A40C3 /* animal06.jpg */; };
		6F5377A71988C96D003A40C3 /* animal07.jpg in Resources */ = {isa = PBXBuildFile; fileRef = 6F53779F1988C96D003A40C3 /* animal07.jpg */; };
		6F5377A81988C96D003A40C3 /* animal08.jpg in Resources */ = {isa = PBXBuildFile; fileRef = 6F5377A01988C96D003A40C3 /* animal08.jpg */; };
		6F5377B31988C9F2003A40C3 /* crossBones01.jpg in Resources */ = {isa = PBXBuildFile; fileRef = 6F5377AA1988C9F2003A40C3 /* crossBones01.jpg */; };
		6F5377B41988C9F2003A40C3 /* crossBones02.jpg in Resources */ = {isa = PBXBuildFile; fileRef = 6F5377AB1988C9F2003A40C3 /* crossBones02.jpg */; };
		6F5377B51988C9F2003A40C3 /* crossBones03.jpg in Resources */ = {isa = PBXBuildFile; fileRef = 6F5377AC1988C9F2003A40C3 /* crossBones03.jpg */; };
		6F5377B61988C9F2003A40C3 /* crossBones04.jpg in Resources */ = {isa = PBXBuildFile; fileRef = 6F5377AD1988C9F2003A40C3 /* crossBones04.jpg */; };
		6F5377B71988C9F2003A40C3 /* crossBones05.jpg in Resources */ = {isa = PBXBuildFile; fileRef = 6F5377AE1988C9F2003A40C3 /* crossBones05.jpg */; };
		6F5377B81988C9F2003A40C3 /* crossBones05.jpg in Resources */ = {isa = PBXBuildFile; fileRef = 6F5377AF1988C9F2003A40C3 /* crossBones05.jpg */; };
		6F5377B91988C9F2003A40C3 /* crossBones06.jpg in Resources */ = {isa = PBXBuildFile; fileRef = 6F5377B01988C9F2003A40C3 /* crossBones06.jpg */; };
		6F5377BA1988C9F2003A40C3 /* crossBones07.jpg in Resources */ = {isa = PBXBuildFile; fileRef = 6F5377B11988C9F2003A40C3 /* crossBones07.jpg */; };
		6F5377BB1988C9F2003A40C3 /* crossBones08.jpg in Resources */ = {isa = PBXBuildFile; fileRef = 6F5377B21988C9F2003A40C3 /* crossBones08.jpg */; };
		6F5377C51988CA36003A40C3 /* girl01.jpg in Resources */ = {isa = PBXBuildFile; fileRef = 6F5377BD1988CA36003A40C3 /* girl01.jpg */; };
		6F5377C61988CA36003A40C3 /* girl02.jpg in Resources */ = {isa = PBXBuildFile; fileRef = 6F5377BE1988CA36003A40C3 /* girl02.jpg */; };
		6F5377C71988CA36003A40C3 /* girl03.jpg in Resources */ = {isa = PBXBuildFile; fileRef = 6F5377BF1988CA36003A40C3 /* girl03.jpg */; };
		6F5377C81988CA36003A40C3 /* girl04.jpg in Resources */ = {isa = PBXBuildFile; fileRef = 6F5377C01988CA36003A40C3 /* girl04.jpg */; };
		6F5377C91988CA36003A40C3 /* girl05.jpg in Resources */ = {isa = PBXBuildFile; fileRef = 6F5377C11988CA36003A40C3 /* girl05.jpg */; };
		6F5377CA1988CA36003A40C3 /* girl06.jpg in Resources */ = {isa = PBXBuildFile; fileRef = 6F5377C21988CA36003A40C3 /* girl06.jpg */; };
		6F5377CB1988CA36003A40C3 /* girl07.jpg in Resources */ = {isa = PBXBuildFile; fileRef = 6F5377C31988CA36003A40C3 /* girl07.jpg */; };
		6F5377CC1988CA36003A40C3 /* girl08.jpg in Resources */ = {isa = PBXBuildFile; fileRef = 6F5377C41988CA36003A40C3 /* girl08.jpg */; };
		6F5377D71988CA9B003A40C3 /* mask01.jpg in Resources */ = {isa = PBXBuildFile; fileRef = 6F5377CE1988CA9B003A40C3 /* mask01.jpg */; };
		6F5377D81988CA9B003A40C3 /* mask02.jpg in Resources */ = {isa = PBXBuildFile; fileRef = 6F5377CF1988CA9B003A40C3 /* mask02.jpg */; };
		6F5377D91988CA9B003A40C3 /* mask03.jpg in Resources */ = {isa = PBXBuildFile; fileRef = 6F5377D01988CA9B003A40C3 /* mask03.jpg */; };
		6F5377DA1988CA9B003A40C3 /* mask04.jpg in Resources */ = {isa = PBXBuildFile; fileRef = 6F5377D11988CA9B003A40C3 /* mask04.jpg */; };
		6F5377DB1988CA9B003A40C3 /* mask05.jpg in Resources */ = {isa = PBXBuildFile; fileRef = 6F5377D21988CA9B003A40C3 /* mask05.jpg */; };
		6F5377DC1988CA9B003A40C3 /* mask06.jpg in Resources */ = {isa = PBXBuildFile; fileRef = 6F5377D31988CA9B003A40C3 /* mask06.jpg */; };
		6F5377DD1988CA9B003A40C3 /* mask07.jpg in Resources */ = {isa = PBXBuildFile; fileRef = 6F5377D41988CA9B003A40C3 /* mask07.jpg */; };
		6F5377DE1988CA9B003A40C3 /* mask08.jpg in Resources */ = {isa = PBXBuildFile; fileRef = 6F5377D51988CA9B003A40C3 /* mask08.jpg */; };
		6F5377DF1988CA9B003A40C3 /* mask09.jpg in Resources */ = {isa = PBXBuildFile; fileRef = 6F5377D61988CA9B003A40C3 /* mask09.jpg */; };
		6F5377EC1988CAE9003A40C3 /* other01.jpg in Resources */ = {isa = PBXBuildFile; fileRef = 6F5377E11988CAE9003A40C3 /* other01.jpg */; };
		6F5377ED1988CAE9003A40C3 /* other02.jpg in Resources */ = {isa = PBXBuildFile; fileRef = 6F5377E21988CAE9003A40C3 /* other02.jpg */; };
		6F5377EE1988CAE9003A40C3 /* other03.jpg in Resources */ = {isa = PBXBuildFile; fileRef = 6F5377E31988CAE9003A40C3 /* other03.jpg */; };
		6F5377EF1988CAE9003A40C3 /* other04.jpg in Resources */ = {isa = PBXBuildFile; fileRef = 6F5377E41988CAE9003A40C3 /* other04.jpg */; };
		6F5377F01988CAE9003A40C3 /* other05.jpg in Resources */ = {isa = PBXBuildFile; fileRef = 6F5377E51988CAE9003A40C3 /* other05.jpg */; };
		6F5377F11988CAE9003A40C3 /* other06.jpg in Resources */ = {isa = PBXBuildFile; fileRef = 6F5377E61988CAE9003A40C3 /* other06.jpg */; };
		6F5377F21988CAE9003A40C3 /* other07.jpg in Resources */ = {isa = PBXBuildFile; fileRef = 6F5377E71988CAE9003A40C3 /* other07.jpg */; };
		6F5377F31988CAE9003A40C3 /* other08.jpg in Resources */ = {isa = PBXBuildFile; fileRef = 6F5377E81988CAE9003A40C3 /* other08.jpg */; };
		6F5377F41988CAE9003A40C3 /* other09.jpg in Resources */ = {isa = PBXBuildFile; fileRef = 6F5377E91988CAE9003A40C3 /* other09.jpg */; };
		6F5377F51988CAE9003A40C3 /* other10.jpg in Resources */ = {isa = PBXBuildFile; fileRef = 6F5377EA1988CAE9003A40C3 /* other10.jpg */; };
		6F5377F61988CAE9003A40C3 /* other11.jpg in Resources */ = {isa = PBXBuildFile; fileRef = 6F5377EB1988CAE9003A40C3 /* other11.jpg */; };
		6F5378021988FEAB003A40C3 /* LRNavigationController.m in Sources */ = {isa = PBXBuildFile; fileRef = 6F5377FF1988FEAB003A40C3 /* LRNavigationController.m */; };
		6F5378031988FEAB003A40C3 /* SliderViewController.m in Sources */ = {isa = PBXBuildFile; fileRef = 6F5378011988FEAB003A40C3 /* SliderViewController.m */; };
		6F5378061988FEEC003A40C3 /* Pic_MenuViewController.m in Sources */ = {isa = PBXBuildFile; fileRef = 6F5378051988FEEC003A40C3 /* Pic_MenuViewController.m */; };
		6F53780B1988FF6B003A40C3 /* Pic_RootTableViewCellObject.m in Sources */ = {isa = PBXBuildFile; fileRef = 6F53780A1988FF6B003A40C3 /* Pic_RootTableViewCellObject.m */; };
		6F537810198900EE003A40C3 /* libMobClickLibrary.a in Frameworks */ = {isa = PBXBuildFile; fileRef = 6F53780D198900EE003A40C3 /* libMobClickLibrary.a */; };
		6F537812198901DE003A40C3 /* libz.dylib in Frameworks */ = {isa = PBXBuildFile; fileRef = 6F537811198901DE003A40C3 /* libz.dylib */; };
		6F537816198903BC003A40C3 /* libFlurry_5.2.0.a in Frameworks */ = {isa = PBXBuildFile; fileRef = 6F537815198903BC003A40C3 /* libFlurry_5.2.0.a */; };
		6F53781819890706003A40C3 /* SystemConfiguration.framework in Frameworks */ = {isa = PBXBuildFile; fileRef = 6F53781719890706003A40C3 /* SystemConfiguration.framework */; };
		6F53781A19890716003A40C3 /* MediaPlayer.framework in Frameworks */ = {isa = PBXBuildFile; fileRef = 6F53781919890716003A40C3 /* MediaPlayer.framework */; };
		6F53781C19890722003A40C3 /* ImageIO.framework in Frameworks */ = {isa = PBXBuildFile; fileRef = 6F53781B19890722003A40C3 /* ImageIO.framework */; };
		6F53781E19890733003A40C3 /* MobileCoreServices.framework in Frameworks */ = {isa = PBXBuildFile; fileRef = 6F53781D19890733003A40C3 /* MobileCoreServices.framework */; };
		6F5378201989074E003A40C3 /* Security.framework in Frameworks */ = {isa = PBXBuildFile; fileRef = 6F53781F1989074E003A40C3 /* Security.framework */; };
		6F7644EA1985F577009FEFE7 /* FTF_EditFaceViewController.m in Sources */ = {isa = PBXBuildFile; fileRef = 6F7644E81985F577009FEFE7 /* FTF_EditFaceViewController.m */; };
		6F7644EB1985F577009FEFE7 /* FTF_EditFaceViewController.xib in Resources */ = {isa = PBXBuildFile; fileRef = 6F7644E91985F577009FEFE7 /* FTF_EditFaceViewController.xib */; };
		6F7644F119863007009FEFE7 /* UIBezierPath-Points.m in Sources */ = {isa = PBXBuildFile; fileRef = 6F7644EE19863007009FEFE7 /* UIBezierPath-Points.m */; };
		6F7644F219863007009FEFE7 /* MZCroppableView.m in Sources */ = {isa = PBXBuildFile; fileRef = 6F7644F019863007009FEFE7 /* MZCroppableView.m */; };
		6F7644F819864C35009FEFE7 /* ACMagnifyingGlass.m in Sources */ = {isa = PBXBuildFile; fileRef = 6F7644F519864C35009FEFE7 /* ACMagnifyingGlass.m */; };
		6F7644F919864C35009FEFE7 /* ACLoupe.m in Sources */ = {isa = PBXBuildFile; fileRef = 6F7644F719864C35009FEFE7 /* ACLoupe.m */; };
		6F7644FC19865681009FEFE7 /* ACMagnifyingView.m in Sources */ = {isa = PBXBuildFile; fileRef = 6F7644FB19865681009FEFE7 /* ACMagnifyingView.m */; };
		6FB175ED19838AF400F194A7 /* Foundation.framework in Frameworks */ = {isa = PBXBuildFile; fileRef = 6FB175EC19838AF400F194A7 /* Foundation.framework */; };
		6FB175EF19838AF400F194A7 /* CoreGraphics.framework in Frameworks */ = {isa = PBXBuildFile; fileRef = 6FB175EE19838AF400F194A7 /* CoreGraphics.framework */; };
		6FB175F119838AF400F194A7 /* UIKit.framework in Frameworks */ = {isa = PBXBuildFile; fileRef = 6FB175F019838AF400F194A7 /* UIKit.framework */; };
		6FB175F719838AF400F194A7 /* InfoPlist.strings in Resources */ = {isa = PBXBuildFile; fileRef = 6FB175F519838AF400F194A7 /* InfoPlist.strings */; };
		6FB175F919838AF400F194A7 /* main.m in Sources */ = {isa = PBXBuildFile; fileRef = 6FB175F819838AF400F194A7 /* main.m */; };
		6FB175FD19838AF400F194A7 /* AppDelegate.m in Sources */ = {isa = PBXBuildFile; fileRef = 6FB175FC19838AF400F194A7 /* AppDelegate.m */; };
		6FB175FF19838AF400F194A7 /* Images.xcassets in Resources */ = {isa = PBXBuildFile; fileRef = 6FB175FE19838AF400F194A7 /* Images.xcassets */; };
		6FB1760619838AF500F194A7 /* XCTest.framework in Frameworks */ = {isa = PBXBuildFile; fileRef = 6FB1760519838AF500F194A7 /* XCTest.framework */; };
		6FB1760719838AF500F194A7 /* Foundation.framework in Frameworks */ = {isa = PBXBuildFile; fileRef = 6FB175EC19838AF400F194A7 /* Foundation.framework */; };
		6FB1760819838AF500F194A7 /* UIKit.framework in Frameworks */ = {isa = PBXBuildFile; fileRef = 6FB175F019838AF400F194A7 /* UIKit.framework */; };
		6FB1761019838AF500F194A7 /* InfoPlist.strings in Resources */ = {isa = PBXBuildFile; fileRef = 6FB1760E19838AF500F194A7 /* InfoPlist.strings */; };
		6FB1761219838AF500F194A7 /* iOSChangeFaceTests.m in Sources */ = {isa = PBXBuildFile; fileRef = 6FB1761119838AF500F194A7 /* iOSChangeFaceTests.m */; };
		6FB1761E19838B2500F194A7 /* FTF_RootViewController.m in Sources */ = {isa = PBXBuildFile; fileRef = 6FB1761C19838B2500F194A7 /* FTF_RootViewController.m */; };
		6FB1761F19838B2500F194A7 /* FTF_RootViewController.xib in Resources */ = {isa = PBXBuildFile; fileRef = 6FB1761D19838B2500F194A7 /* FTF_RootViewController.xib */; };
		6FB1762A19838D5F00F194A7 /* FTF_AdjustFaceViewController.m in Sources */ = {isa = PBXBuildFile; fileRef = 6FB1762819838D5F00F194A7 /* FTF_AdjustFaceViewController.m */; };
		6FB1762B19838D5F00F194A7 /* FTF_AdjustFaceViewController.xib in Resources */ = {isa = PBXBuildFile; fileRef = 6FB1762919838D5F00F194A7 /* FTF_AdjustFaceViewController.xib */; };
		6FB1762F19838E1400F194A7 /* UIImage+Zoom.m in Sources */ = {isa = PBXBuildFile; fileRef = 6FB1762E19838E1400F194A7 /* UIImage+Zoom.m */; };
		6FB1763319838E5A00F194A7 /* 01.png in Resources */ = {isa = PBXBuildFile; fileRef = 6FB1763219838E5A00F194A7 /* 01.png */; };
		6FB1763719838F7300F194A7 /* CMethods.m in Sources */ = {isa = PBXBuildFile; fileRef = 6FB1763619838F7300F194A7 /* CMethods.m */; };
		6FB1763C1983901900F194A7 /* MBProgressHUD.m in Sources */ = {isa = PBXBuildFile; fileRef = 6FB1763B1983901900F194A7 /* MBProgressHUD.m */; };
		6FB1763F1983909400F194A7 /* focus.png in Resources */ = {isa = PBXBuildFile; fileRef = 6FB1763E1983909400F194A7 /* focus.png */; };
		6FB17643198392B400F194A7 /* FTF_Global.m in Sources */ = {isa = PBXBuildFile; fileRef = 6FB17642198392B400F194A7 /* FTF_Global.m */; };
/* End PBXBuildFile section */

/* Begin PBXContainerItemProxy section */
		6FB1760919838AF500F194A7 /* PBXContainerItemProxy */ = {
			isa = PBXContainerItemProxy;
			containerPortal = 6FB175E119838AF400F194A7 /* Project object */;
			proxyType = 1;
			remoteGlobalIDString = 6FB175E819838AF400F194A7;
			remoteInfo = iOSChangeFace;
		};
/* End PBXContainerItemProxy section */

/* Begin PBXFileReference section */
		6F23A68D1989F40200027E9B /* shadowbig.png */ = {isa = PBXFileReference; lastKnownFileType = image.png; path = shadowbig.png; sourceTree = "<group>"; };
		6F23A68E1989F40200027E9B /* shadownormal.png */ = {isa = PBXFileReference; lastKnownFileType = image.png; path = shadownormal.png; sourceTree = "<group>"; };
		6F23A68F1989F40200027E9B /* shadowsmall.png */ = {isa = PBXFileReference; lastKnownFileType = image.png; path = shadowsmall.png; sourceTree = "<group>"; };
		6F2DF1AC198A613800FCD7A2 /* icon_Feedback_normal@2x.png */ = {isa = PBXFileReference; lastKnownFileType = image.png; path = "icon_Feedback_normal@2x.png"; sourceTree = "<group>"; };
		6F2DF1AD198A613800FCD7A2 /* icon_Feedback_pressed@2x.png */ = {isa = PBXFileReference; lastKnownFileType = image.png; path = "icon_Feedback_pressed@2x.png"; sourceTree = "<group>"; };
		6F2DF1AE198A613800FCD7A2 /* icon_Follow us_norma@2x.png */ = {isa = PBXFileReference; lastKnownFileType = image.png; path = "icon_Follow us_norma@2x.png"; sourceTree = "<group>"; };
		6F2DF1AF198A613800FCD7A2 /* icon_Follow us_pressed@2x.png */ = {isa = PBXFileReference; lastKnownFileType = image.png; path = "icon_Follow us_pressed@2x.png"; sourceTree = "<group>"; };
		6F2DF1B0198A613800FCD7A2 /* icon_grade_norma@2x.png */ = {isa = PBXFileReference; lastKnownFileType = image.png; path = "icon_grade_norma@2x.png"; sourceTree = "<group>"; };
		6F2DF1B1198A613800FCD7A2 /* icon_grade_pressed@2x.png */ = {isa = PBXFileReference; lastKnownFileType = image.png; path = "icon_grade_pressed@2x.png"; sourceTree = "<group>"; };
		6F2DF1B2198A613800FCD7A2 /* icon_share__pressed@2x.png */ = {isa = PBXFileReference; lastKnownFileType = image.png; path = "icon_share__pressed@2x.png"; sourceTree = "<group>"; };
		6F2DF1B3198A613800FCD7A2 /* icon_share_normal@2x.png */ = {isa = PBXFileReference; lastKnownFileType = image.png; path = "icon_share_normal@2x.png"; sourceTree = "<group>"; };
		6F2DF1B4198A613800FCD7A2 /* icon_update_normal@2x.png */ = {isa = PBXFileReference; lastKnownFileType = image.png; path = "icon_update_normal@2x.png"; sourceTree = "<group>"; };
		6F2DF1B5198A613800FCD7A2 /* icon_update_pressed@2x.png */ = {isa = PBXFileReference; lastKnownFileType = image.png; path = "icon_update_pressed@2x.png"; sourceTree = "<group>"; };
		6F38022D198748FB00193528 /* FTF_Delegates.h */ = {isa = PBXFileReference; lastKnownFileType = sourcecode.c.h; path = FTF_Delegates.h; sourceTree = "<group>"; };
		6F383BAB1989EF0300815ACA /* DFPBannerView.h */ = {isa = PBXFileReference; fileEncoding = 4; lastKnownFileType = sourcecode.c.h; path = DFPBannerView.h; sourceTree = "<group>"; };
		6F383BAC1989EF0300815ACA /* DFPExtras.h */ = {isa = PBXFileReference; fileEncoding = 4; lastKnownFileType = sourcecode.c.h; path = DFPExtras.h; sourceTree = "<group>"; };
		6F383BAD1989EF0300815ACA /* DFPInterstitial.h */ = {isa = PBXFileReference; fileEncoding = 4; lastKnownFileType = sourcecode.c.h; path = DFPInterstitial.h; sourceTree = "<group>"; };
		6F383BAE1989EF0300815ACA /* DFPSwipeableBannerView.h */ = {isa = PBXFileReference; fileEncoding = 4; lastKnownFileType = sourcecode.c.h; path = DFPSwipeableBannerView.h; sourceTree = "<group>"; };
		6F383BAF1989EF0300815ACA /* GADAdSizeDelegate.h */ = {isa = PBXFileReference; fileEncoding = 4; lastKnownFileType = sourcecode.c.h; path = GADAdSizeDelegate.h; sourceTree = "<group>"; };
		6F383BB01989EF0300815ACA /* GADAppEventDelegate.h */ = {isa = PBXFileReference; fileEncoding = 4; lastKnownFileType = sourcecode.c.h; path = GADAppEventDelegate.h; sourceTree = "<group>"; };
		6F383BB11989EF0300815ACA /* GADSwipeableBannerViewDelegate.h */ = {isa = PBXFileReference; fileEncoding = 4; lastKnownFileType = sourcecode.c.h; path = GADSwipeableBannerViewDelegate.h; sourceTree = "<group>"; };
		6F383BB31989EF0300815ACA /* GADCustomEventBanner.h */ = {isa = PBXFileReference; fileEncoding = 4; lastKnownFileType = sourcecode.c.h; path = GADCustomEventBanner.h; sourceTree = "<group>"; };
		6F383BB41989EF0300815ACA /* GADCustomEventBannerDelegate.h */ = {isa = PBXFileReference; fileEncoding = 4; lastKnownFileType = sourcecode.c.h; path = GADCustomEventBannerDelegate.h; sourceTree = "<group>"; };
		6F383BB51989EF0300815ACA /* GADCustomEventExtras.h */ = {isa = PBXFileReference; fileEncoding = 4; lastKnownFileType = sourcecode.c.h; path = GADCustomEventExtras.h; sourceTree = "<group>"; };
		6F383BB61989EF0300815ACA /* GADCustomEventInterstitial.h */ = {isa = PBXFileReference; fileEncoding = 4; lastKnownFileType = sourcecode.c.h; path = GADCustomEventInterstitial.h; sourceTree = "<group>"; };
		6F383BB71989EF0300815ACA /* GADCustomEventInterstitialDelegate.h */ = {isa = PBXFileReference; fileEncoding = 4; lastKnownFileType = sourcecode.c.h; path = GADCustomEventInterstitialDelegate.h; sourceTree = "<group>"; };
		6F383BB81989EF0300815ACA /* GADCustomEventRequest.h */ = {isa = PBXFileReference; fileEncoding = 4; lastKnownFileType = sourcecode.c.h; path = GADCustomEventRequest.h; sourceTree = "<group>"; };
		6F383BBA1989EF0300815ACA /* GADSearchBannerView.h */ = {isa = PBXFileReference; fileEncoding = 4; lastKnownFileType = sourcecode.c.h; path = GADSearchBannerView.h; sourceTree = "<group>"; };
		6F383BBB1989EF0300815ACA /* GADSearchRequest.h */ = {isa = PBXFileReference; fileEncoding = 4; lastKnownFileType = sourcecode.c.h; path = GADSearchRequest.h; sourceTree = "<group>"; };
		6F383BBC1989EF0300815ACA /* GADAdMobExtras.h */ = {isa = PBXFileReference; fileEncoding = 4; lastKnownFileType = sourcecode.c.h; path = GADAdMobExtras.h; sourceTree = "<group>"; };
		6F383BBD1989EF0300815ACA /* GADAdNetworkExtras.h */ = {isa = PBXFileReference; fileEncoding = 4; lastKnownFileType = sourcecode.c.h; path = GADAdNetworkExtras.h; sourceTree = "<group>"; };
		6F383BBE1989EF0300815ACA /* GADAdSize.h */ = {isa = PBXFileReference; fileEncoding = 4; lastKnownFileType = sourcecode.c.h; path = GADAdSize.h; sourceTree = "<group>"; };
		6F383BBF1989EF0300815ACA /* GADBannerView.h */ = {isa = PBXFileReference; fileEncoding = 4; lastKnownFileType = sourcecode.c.h; path = GADBannerView.h; sourceTree = "<group>"; };
		6F383BC01989EF0300815ACA /* GADBannerViewDelegate.h */ = {isa = PBXFileReference; fileEncoding = 4; lastKnownFileType = sourcecode.c.h; path = GADBannerViewDelegate.h; sourceTree = "<group>"; };
		6F383BC11989EF0300815ACA /* GADInAppPurchase.h */ = {isa = PBXFileReference; fileEncoding = 4; lastKnownFileType = sourcecode.c.h; path = GADInAppPurchase.h; sourceTree = "<group>"; };
		6F383BC21989EF0300815ACA /* GADInAppPurchaseDelegate.h */ = {isa = PBXFileReference; fileEncoding = 4; lastKnownFileType = sourcecode.c.h; path = GADInAppPurchaseDelegate.h; sourceTree = "<group>"; };
		6F383BC31989EF0300815ACA /* GADInterstitial.h */ = {isa = PBXFileReference; fileEncoding = 4; lastKnownFileType = sourcecode.c.h; path = GADInterstitial.h; sourceTree = "<group>"; };
		6F383BC41989EF0300815ACA /* GADInterstitialDelegate.h */ = {isa = PBXFileReference; fileEncoding = 4; lastKnownFileType = sourcecode.c.h; path = GADInterstitialDelegate.h; sourceTree = "<group>"; };
		6F383BC51989EF0300815ACA /* GADModules.h */ = {isa = PBXFileReference; fileEncoding = 4; lastKnownFileType = sourcecode.c.h; path = GADModules.h; sourceTree = "<group>"; };
		6F383BC61989EF0300815ACA /* GADRequest.h */ = {isa = PBXFileReference; fileEncoding = 4; lastKnownFileType = sourcecode.c.h; path = GADRequest.h; sourceTree = "<group>"; };
		6F383BC71989EF0300815ACA /* GADRequestError.h */ = {isa = PBXFileReference; fileEncoding = 4; lastKnownFileType = sourcecode.c.h; path = GADRequestError.h; sourceTree = "<group>"; };
		6F383BC81989EF0300815ACA /* libGoogleAdMobAds.a */ = {isa = PBXFileReference; lastKnownFileType = archive.ar; path = libGoogleAdMobAds.a; sourceTree = "<group>"; };
		6F53778C1988C68B003A40C3 /* FTF_MaterialViewController.h */ = {isa = PBXFileReference; fileEncoding = 4; lastKnownFileType = sourcecode.c.h; path = FTF_MaterialViewController.h; sourceTree = "<group>"; };
		6F53778D1988C68B003A40C3 /* FTF_MaterialViewController.m */ = {isa = PBXFileReference; fileEncoding = 4; lastKnownFileType = sourcecode.c.objc; path = FTF_MaterialViewController.m; sourceTree = "<group>"; };
		6F53778E1988C68B003A40C3 /* FTF_MaterialViewController.xib */ = {isa = PBXFileReference; fileEncoding = 4; lastKnownFileType = file.xib; path = FTF_MaterialViewController.xib; sourceTree = "<group>"; };
		6F5377921988C7EE003A40C3 /* FTF_MaterialView.h */ = {isa = PBXFileReference; fileEncoding = 4; lastKnownFileType = sourcecode.c.h; path = FTF_MaterialView.h; sourceTree = "<group>"; };
		6F5377931988C7EE003A40C3 /* FTF_MaterialView.m */ = {isa = PBXFileReference; fileEncoding = 4; lastKnownFileType = sourcecode.c.objc; path = FTF_MaterialView.m; sourceTree = "<group>"; };
		6F5377951988C823003A40C3 /* FTF_MaterialCell.h */ = {isa = PBXFileReference; fileEncoding = 4; lastKnownFileType = sourcecode.c.h; path = FTF_MaterialCell.h; sourceTree = "<group>"; };
		6F5377961988C823003A40C3 /* FTF_MaterialCell.m */ = {isa = PBXFileReference; fileEncoding = 4; lastKnownFileType = sourcecode.c.objc; path = FTF_MaterialCell.m; sourceTree = "<group>"; };
		6F5377991988C96D003A40C3 /* animal01.jpg */ = {isa = PBXFileReference; lastKnownFileType = image.jpeg; path = animal01.jpg; sourceTree = "<group>"; };
		6F53779A1988C96D003A40C3 /* animal02.jpg */ = {isa = PBXFileReference; lastKnownFileType = image.jpeg; path = animal02.jpg; sourceTree = "<group>"; };
		6F53779B1988C96D003A40C3 /* animal03.jpg */ = {isa = PBXFileReference; lastKnownFileType = image.jpeg; path = animal03.jpg; sourceTree = "<group>"; };
		6F53779C1988C96D003A40C3 /* animal04.jpg */ = {isa = PBXFileReference; lastKnownFileType = image.jpeg; path = animal04.jpg; sourceTree = "<group>"; };
		6F53779D1988C96D003A40C3 /* animal05.jpg */ = {isa = PBXFileReference; lastKnownFileType = image.jpeg; path = animal05.jpg; sourceTree = "<group>"; };
		6F53779E1988C96D003A40C3 /* animal06.jpg */ = {isa = PBXFileReference; lastKnownFileType = image.jpeg; path = animal06.jpg; sourceTree = "<group>"; };
		6F53779F1988C96D003A40C3 /* animal07.jpg */ = {isa = PBXFileReference; lastKnownFileType = image.jpeg; path = animal07.jpg; sourceTree = "<group>"; };
		6F5377A01988C96D003A40C3 /* animal08.jpg */ = {isa = PBXFileReference; lastKnownFileType = image.jpeg; path = animal08.jpg; sourceTree = "<group>"; };
		6F5377AA1988C9F2003A40C3 /* crossBones01.jpg */ = {isa = PBXFileReference; lastKnownFileType = image.jpeg; path = crossBones01.jpg; sourceTree = "<group>"; };
		6F5377AB1988C9F2003A40C3 /* crossBones02.jpg */ = {isa = PBXFileReference; lastKnownFileType = image.jpeg; path = crossBones02.jpg; sourceTree = "<group>"; };
		6F5377AC1988C9F2003A40C3 /* crossBones03.jpg */ = {isa = PBXFileReference; lastKnownFileType = image.jpeg; path = crossBones03.jpg; sourceTree = "<group>"; };
		6F5377AD1988C9F2003A40C3 /* crossBones04.jpg */ = {isa = PBXFileReference; lastKnownFileType = image.jpeg; path = crossBones04.jpg; sourceTree = "<group>"; };
		6F5377AE1988C9F2003A40C3 /* crossBones05.jpg */ = {isa = PBXFileReference; lastKnownFileType = image.jpeg; path = crossBones05.jpg; sourceTree = "<group>"; };
		6F5377AF1988C9F2003A40C3 /* crossBones05.jpg */ = {isa = PBXFileReference; lastKnownFileType = image.jpeg; path = "crossBones05.jpg"; sourceTree = "<group>"; };
		6F5377B01988C9F2003A40C3 /* crossBones06.jpg */ = {isa = PBXFileReference; lastKnownFileType = image.jpeg; path = crossBones06.jpg; sourceTree = "<group>"; };
		6F5377B11988C9F2003A40C3 /* crossBones07.jpg */ = {isa = PBXFileReference; lastKnownFileType = image.jpeg; path = crossBones07.jpg; sourceTree = "<group>"; };
		6F5377B21988C9F2003A40C3 /* crossBones08.jpg */ = {isa = PBXFileReference; lastKnownFileType = image.jpeg; path = crossBones08.jpg; sourceTree = "<group>"; };
		6F5377BD1988CA36003A40C3 /* girl01.jpg */ = {isa = PBXFileReference; lastKnownFileType = image.jpeg; path = girl01.jpg; sourceTree = "<group>"; };
		6F5377BE1988CA36003A40C3 /* girl02.jpg */ = {isa = PBXFileReference; lastKnownFileType = image.jpeg; path = girl02.jpg; sourceTree = "<group>"; };
		6F5377BF1988CA36003A40C3 /* girl03.jpg */ = {isa = PBXFileReference; lastKnownFileType = image.jpeg; path = girl03.jpg; sourceTree = "<group>"; };
		6F5377C01988CA36003A40C3 /* girl04.jpg */ = {isa = PBXFileReference; lastKnownFileType = image.jpeg; path = girl04.jpg; sourceTree = "<group>"; };
		6F5377C11988CA36003A40C3 /* girl05.jpg */ = {isa = PBXFileReference; lastKnownFileType = image.jpeg; path = girl05.jpg; sourceTree = "<group>"; };
		6F5377C21988CA36003A40C3 /* girl06.jpg */ = {isa = PBXFileReference; lastKnownFileType = image.jpeg; path = girl06.jpg; sourceTree = "<group>"; };
		6F5377C31988CA36003A40C3 /* girl07.jpg */ = {isa = PBXFileReference; lastKnownFileType = image.jpeg; path = girl07.jpg; sourceTree = "<group>"; };
		6F5377C41988CA36003A40C3 /* girl08.jpg */ = {isa = PBXFileReference; lastKnownFileType = image.jpeg; path = girl08.jpg; sourceTree = "<group>"; };
		6F5377CE1988CA9B003A40C3 /* mask01.jpg */ = {isa = PBXFileReference; lastKnownFileType = image.jpeg; path = mask01.jpg; sourceTree = "<group>"; };
		6F5377CF1988CA9B003A40C3 /* mask02.jpg */ = {isa = PBXFileReference; lastKnownFileType = image.jpeg; path = mask02.jpg; sourceTree = "<group>"; };
		6F5377D01988CA9B003A40C3 /* mask03.jpg */ = {isa = PBXFileReference; lastKnownFileType = image.jpeg; path = mask03.jpg; sourceTree = "<group>"; };
		6F5377D11988CA9B003A40C3 /* mask04.jpg */ = {isa = PBXFileReference; lastKnownFileType = image.jpeg; path = mask04.jpg; sourceTree = "<group>"; };
		6F5377D21988CA9B003A40C3 /* mask05.jpg */ = {isa = PBXFileReference; lastKnownFileType = image.jpeg; path = mask05.jpg; sourceTree = "<group>"; };
		6F5377D31988CA9B003A40C3 /* mask06.jpg */ = {isa = PBXFileReference; lastKnownFileType = image.jpeg; path = mask06.jpg; sourceTree = "<group>"; };
		6F5377D41988CA9B003A40C3 /* mask07.jpg */ = {isa = PBXFileReference; lastKnownFileType = image.jpeg; path = mask07.jpg; sourceTree = "<group>"; };
		6F5377D51988CA9B003A40C3 /* mask08.jpg */ = {isa = PBXFileReference; lastKnownFileType = image.jpeg; path = mask08.jpg; sourceTree = "<group>"; };
		6F5377D61988CA9B003A40C3 /* mask09.jpg */ = {isa = PBXFileReference; lastKnownFileType = image.jpeg; path = mask09.jpg; sourceTree = "<group>"; };
		6F5377E11988CAE9003A40C3 /* other01.jpg */ = {isa = PBXFileReference; lastKnownFileType = image.jpeg; path = other01.jpg; sourceTree = "<group>"; };
		6F5377E21988CAE9003A40C3 /* other02.jpg */ = {isa = PBXFileReference; lastKnownFileType = image.jpeg; path = other02.jpg; sourceTree = "<group>"; };
		6F5377E31988CAE9003A40C3 /* other03.jpg */ = {isa = PBXFileReference; lastKnownFileType = image.jpeg; path = other03.jpg; sourceTree = "<group>"; };
		6F5377E41988CAE9003A40C3 /* other04.jpg */ = {isa = PBXFileReference; lastKnownFileType = image.jpeg; path = other04.jpg; sourceTree = "<group>"; };
		6F5377E51988CAE9003A40C3 /* other05.jpg */ = {isa = PBXFileReference; lastKnownFileType = image.jpeg; path = other05.jpg; sourceTree = "<group>"; };
		6F5377E61988CAE9003A40C3 /* other06.jpg */ = {isa = PBXFileReference; lastKnownFileType = image.jpeg; path = other06.jpg; sourceTree = "<group>"; };
		6F5377E71988CAE9003A40C3 /* other07.jpg */ = {isa = PBXFileReference; lastKnownFileType = image.jpeg; path = other07.jpg; sourceTree = "<group>"; };
		6F5377E81988CAE9003A40C3 /* other08.jpg */ = {isa = PBXFileReference; lastKnownFileType = image.jpeg; path = other08.jpg; sourceTree = "<group>"; };
		6F5377E91988CAE9003A40C3 /* other09.jpg */ = {isa = PBXFileReference; lastKnownFileType = image.jpeg; path = other09.jpg; sourceTree = "<group>"; };
		6F5377EA1988CAE9003A40C3 /* other10.jpg */ = {isa = PBXFileReference; lastKnownFileType = image.jpeg; path = other10.jpg; sourceTree = "<group>"; };
		6F5377EB1988CAE9003A40C3 /* other11.jpg */ = {isa = PBXFileReference; lastKnownFileType = image.jpeg; path = other11.jpg; sourceTree = "<group>"; };
		6F5377FE1988FEAB003A40C3 /* LRNavigationController.h */ = {isa = PBXFileReference; fileEncoding = 4; lastKnownFileType = sourcecode.c.h; path = LRNavigationController.h; sourceTree = "<group>"; };
		6F5377FF1988FEAB003A40C3 /* LRNavigationController.m */ = {isa = PBXFileReference; fileEncoding = 4; lastKnownFileType = sourcecode.c.objc; path = LRNavigationController.m; sourceTree = "<group>"; };
		6F5378001988FEAB003A40C3 /* SliderViewController.h */ = {isa = PBXFileReference; fileEncoding = 4; lastKnownFileType = sourcecode.c.h; path = SliderViewController.h; sourceTree = "<group>"; };
		6F5378011988FEAB003A40C3 /* SliderViewController.m */ = {isa = PBXFileReference; fileEncoding = 4; lastKnownFileType = sourcecode.c.objc; path = SliderViewController.m; sourceTree = "<group>"; };
		6F5378041988FEEC003A40C3 /* Pic_MenuViewController.h */ = {isa = PBXFileReference; fileEncoding = 4; lastKnownFileType = sourcecode.c.h; path = Pic_MenuViewController.h; sourceTree = "<group>"; };
		6F5378051988FEEC003A40C3 /* Pic_MenuViewController.m */ = {isa = PBXFileReference; fileEncoding = 4; lastKnownFileType = sourcecode.c.objc; path = Pic_MenuViewController.m; sourceTree = "<group>"; };
		6F5378091988FF6B003A40C3 /* Pic_RootTableViewCellObject.h */ = {isa = PBXFileReference; fileEncoding = 4; lastKnownFileType = sourcecode.c.h; path = Pic_RootTableViewCellObject.h; sourceTree = "<group>"; };
		6F53780A1988FF6B003A40C3 /* Pic_RootTableViewCellObject.m */ = {isa = PBXFileReference; fileEncoding = 4; lastKnownFileType = sourcecode.c.objc; path = Pic_RootTableViewCellObject.m; sourceTree = "<group>"; };
		6F53780D198900EE003A40C3 /* libMobClickLibrary.a */ = {isa = PBXFileReference; lastKnownFileType = archive.ar; path = libMobClickLibrary.a; sourceTree = "<group>"; };
		6F53780E198900EE003A40C3 /* MobClick.h */ = {isa = PBXFileReference; fileEncoding = 4; lastKnownFileType = sourcecode.c.h; path = MobClick.h; sourceTree = "<group>"; };
		6F53780F198900EE003A40C3 /* MobClickSocialAnalytics.h */ = {isa = PBXFileReference; fileEncoding = 4; lastKnownFileType = sourcecode.c.h; path = MobClickSocialAnalytics.h; sourceTree = "<group>"; };
		6F537811198901DE003A40C3 /* libz.dylib */ = {isa = PBXFileReference; lastKnownFileType = "compiled.mach-o.dylib"; name = libz.dylib; path = usr/lib/libz.dylib; sourceTree = SDKROOT; };
		6F537814198903BC003A40C3 /* Flurry.h */ = {isa = PBXFileReference; fileEncoding = 4; lastKnownFileType = sourcecode.c.h; path = Flurry.h; sourceTree = "<group>"; };
		6F537815198903BC003A40C3 /* libFlurry_5.2.0.a */ = {isa = PBXFileReference; lastKnownFileType = archive.ar; path = libFlurry_5.2.0.a; sourceTree = "<group>"; };
		6F53781719890706003A40C3 /* SystemConfiguration.framework */ = {isa = PBXFileReference; lastKnownFileType = wrapper.framework; name = SystemConfiguration.framework; path = System/Library/Frameworks/SystemConfiguration.framework; sourceTree = SDKROOT; };
		6F53781919890716003A40C3 /* MediaPlayer.framework */ = {isa = PBXFileReference; lastKnownFileType = wrapper.framework; name = MediaPlayer.framework; path = System/Library/Frameworks/MediaPlayer.framework; sourceTree = SDKROOT; };
		6F53781B19890722003A40C3 /* ImageIO.framework */ = {isa = PBXFileReference; lastKnownFileType = wrapper.framework; name = ImageIO.framework; path = System/Library/Frameworks/ImageIO.framework; sourceTree = SDKROOT; };
		6F53781D19890733003A40C3 /* MobileCoreServices.framework */ = {isa = PBXFileReference; lastKnownFileType = wrapper.framework; name = MobileCoreServices.framework; path = System/Library/Frameworks/MobileCoreServices.framework; sourceTree = SDKROOT; };
		6F53781F1989074E003A40C3 /* Security.framework */ = {isa = PBXFileReference; lastKnownFileType = wrapper.framework; name = Security.framework; path = System/Library/Frameworks/Security.framework; sourceTree = SDKROOT; };
		6F7644E71985F577009FEFE7 /* FTF_EditFaceViewController.h */ = {isa = PBXFileReference; fileEncoding = 4; lastKnownFileType = sourcecode.c.h; path = FTF_EditFaceViewController.h; sourceTree = "<group>"; };
		6F7644E81985F577009FEFE7 /* FTF_EditFaceViewController.m */ = {isa = PBXFileReference; fileEncoding = 4; lastKnownFileType = sourcecode.c.objc; path = FTF_EditFaceViewController.m; sourceTree = "<group>"; };
		6F7644E91985F577009FEFE7 /* FTF_EditFaceViewController.xib */ = {isa = PBXFileReference; fileEncoding = 4; lastKnownFileType = file.xib; path = FTF_EditFaceViewController.xib; sourceTree = "<group>"; };
		6F7644ED19863007009FEFE7 /* UIBezierPath-Points.h */ = {isa = PBXFileReference; fileEncoding = 4; lastKnownFileType = sourcecode.c.h; path = "UIBezierPath-Points.h"; sourceTree = "<group>"; };
		6F7644EE19863007009FEFE7 /* UIBezierPath-Points.m */ = {isa = PBXFileReference; fileEncoding = 4; lastKnownFileType = sourcecode.c.objc; path = "UIBezierPath-Points.m"; sourceTree = "<group>"; };
		6F7644EF19863007009FEFE7 /* MZCroppableView.h */ = {isa = PBXFileReference; fileEncoding = 4; lastKnownFileType = sourcecode.c.h; path = MZCroppableView.h; sourceTree = "<group>"; };
		6F7644F019863007009FEFE7 /* MZCroppableView.m */ = {isa = PBXFileReference; fileEncoding = 4; lastKnownFileType = sourcecode.c.objc; path = MZCroppableView.m; sourceTree = "<group>"; };
		6F7644F419864C35009FEFE7 /* ACMagnifyingGlass.h */ = {isa = PBXFileReference; fileEncoding = 4; lastKnownFileType = sourcecode.c.h; path = ACMagnifyingGlass.h; sourceTree = "<group>"; };
		6F7644F519864C35009FEFE7 /* ACMagnifyingGlass.m */ = {isa = PBXFileReference; fileEncoding = 4; lastKnownFileType = sourcecode.c.objc; path = ACMagnifyingGlass.m; sourceTree = "<group>"; };
		6F7644F619864C35009FEFE7 /* ACLoupe.h */ = {isa = PBXFileReference; fileEncoding = 4; lastKnownFileType = sourcecode.c.h; path = ACLoupe.h; sourceTree = "<group>"; };
		6F7644F719864C35009FEFE7 /* ACLoupe.m */ = {isa = PBXFileReference; fileEncoding = 4; lastKnownFileType = sourcecode.c.objc; path = ACLoupe.m; sourceTree = "<group>"; };
		6F7644FA19865681009FEFE7 /* ACMagnifyingView.h */ = {isa = PBXFileReference; fileEncoding = 4; lastKnownFileType = sourcecode.c.h; path = ACMagnifyingView.h; sourceTree = "<group>"; };
		6F7644FB19865681009FEFE7 /* ACMagnifyingView.m */ = {isa = PBXFileReference; fileEncoding = 4; lastKnownFileType = sourcecode.c.objc; path = ACMagnifyingView.m; sourceTree = "<group>"; };
		6FB175E919838AF400F194A7 /* iOSChangeFace.app */ = {isa = PBXFileReference; explicitFileType = wrapper.application; includeInIndex = 0; path = iOSChangeFace.app; sourceTree = BUILT_PRODUCTS_DIR; };
		6FB175EC19838AF400F194A7 /* Foundation.framework */ = {isa = PBXFileReference; lastKnownFileType = wrapper.framework; name = Foundation.framework; path = System/Library/Frameworks/Foundation.framework; sourceTree = SDKROOT; };
		6FB175EE19838AF400F194A7 /* CoreGraphics.framework */ = {isa = PBXFileReference; lastKnownFileType = wrapper.framework; name = CoreGraphics.framework; path = System/Library/Frameworks/CoreGraphics.framework; sourceTree = SDKROOT; };
		6FB175F019838AF400F194A7 /* UIKit.framework */ = {isa = PBXFileReference; lastKnownFileType = wrapper.framework; name = UIKit.framework; path = System/Library/Frameworks/UIKit.framework; sourceTree = SDKROOT; };
		6FB175F419838AF400F194A7 /* iOSChangeFace-Info.plist */ = {isa = PBXFileReference; lastKnownFileType = text.plist.xml; path = "iOSChangeFace-Info.plist"; sourceTree = "<group>"; };
		6FB175F619838AF400F194A7 /* en */ = {isa = PBXFileReference; lastKnownFileType = text.plist.strings; name = en; path = en.lproj/InfoPlist.strings; sourceTree = "<group>"; };
		6FB175F819838AF400F194A7 /* main.m */ = {isa = PBXFileReference; lastKnownFileType = sourcecode.c.objc; path = main.m; sourceTree = "<group>"; };
		6FB175FA19838AF400F194A7 /* iOSChangeFace-Prefix.pch */ = {isa = PBXFileReference; lastKnownFileType = sourcecode.c.h; path = "iOSChangeFace-Prefix.pch"; sourceTree = "<group>"; };
		6FB175FB19838AF400F194A7 /* AppDelegate.h */ = {isa = PBXFileReference; lastKnownFileType = sourcecode.c.h; path = AppDelegate.h; sourceTree = "<group>"; };
		6FB175FC19838AF400F194A7 /* AppDelegate.m */ = {isa = PBXFileReference; lastKnownFileType = sourcecode.c.objc; path = AppDelegate.m; sourceTree = "<group>"; };
		6FB175FE19838AF400F194A7 /* Images.xcassets */ = {isa = PBXFileReference; lastKnownFileType = folder.assetcatalog; path = Images.xcassets; sourceTree = "<group>"; };
		6FB1760419838AF400F194A7 /* iOSChangeFaceTests.xctest */ = {isa = PBXFileReference; explicitFileType = wrapper.cfbundle; includeInIndex = 0; path = iOSChangeFaceTests.xctest; sourceTree = BUILT_PRODUCTS_DIR; };
		6FB1760519838AF500F194A7 /* XCTest.framework */ = {isa = PBXFileReference; lastKnownFileType = wrapper.framework; name = XCTest.framework; path = Library/Frameworks/XCTest.framework; sourceTree = DEVELOPER_DIR; };
		6FB1760D19838AF500F194A7 /* iOSChangeFaceTests-Info.plist */ = {isa = PBXFileReference; lastKnownFileType = text.plist.xml; path = "iOSChangeFaceTests-Info.plist"; sourceTree = "<group>"; };
		6FB1760F19838AF500F194A7 /* en */ = {isa = PBXFileReference; lastKnownFileType = text.plist.strings; name = en; path = en.lproj/InfoPlist.strings; sourceTree = "<group>"; };
		6FB1761119838AF500F194A7 /* iOSChangeFaceTests.m */ = {isa = PBXFileReference; lastKnownFileType = sourcecode.c.objc; path = iOSChangeFaceTests.m; sourceTree = "<group>"; };
		6FB1761B19838B2500F194A7 /* FTF_RootViewController.h */ = {isa = PBXFileReference; fileEncoding = 4; lastKnownFileType = sourcecode.c.h; path = FTF_RootViewController.h; sourceTree = "<group>"; };
		6FB1761C19838B2500F194A7 /* FTF_RootViewController.m */ = {isa = PBXFileReference; fileEncoding = 4; lastKnownFileType = sourcecode.c.objc; path = FTF_RootViewController.m; sourceTree = "<group>"; };
		6FB1761D19838B2500F194A7 /* FTF_RootViewController.xib */ = {isa = PBXFileReference; fileEncoding = 4; lastKnownFileType = file.xib; path = FTF_RootViewController.xib; sourceTree = "<group>"; };
		6FB1762719838D5F00F194A7 /* FTF_AdjustFaceViewController.h */ = {isa = PBXFileReference; fileEncoding = 4; lastKnownFileType = sourcecode.c.h; path = FTF_AdjustFaceViewController.h; sourceTree = "<group>"; };
		6FB1762819838D5F00F194A7 /* FTF_AdjustFaceViewController.m */ = {isa = PBXFileReference; fileEncoding = 4; lastKnownFileType = sourcecode.c.objc; path = FTF_AdjustFaceViewController.m; sourceTree = "<group>"; };
		6FB1762919838D5F00F194A7 /* FTF_AdjustFaceViewController.xib */ = {isa = PBXFileReference; fileEncoding = 4; lastKnownFileType = file.xib; path = FTF_AdjustFaceViewController.xib; sourceTree = "<group>"; };
		6FB1762D19838E1400F194A7 /* UIImage+Zoom.h */ = {isa = PBXFileReference; fileEncoding = 4; lastKnownFileType = sourcecode.c.h; path = "UIImage+Zoom.h"; sourceTree = "<group>"; };
		6FB1762E19838E1400F194A7 /* UIImage+Zoom.m */ = {isa = PBXFileReference; fileEncoding = 4; lastKnownFileType = sourcecode.c.objc; path = "UIImage+Zoom.m"; sourceTree = "<group>"; };
		6FB1763219838E5A00F194A7 /* 01.png */ = {isa = PBXFileReference; lastKnownFileType = image.png; path = 01.png; sourceTree = "<group>"; };
		6FB1763519838F7300F194A7 /* CMethods.h */ = {isa = PBXFileReference; fileEncoding = 4; lastKnownFileType = sourcecode.c.h; path = CMethods.h; sourceTree = "<group>"; };
		6FB1763619838F7300F194A7 /* CMethods.m */ = {isa = PBXFileReference; fileEncoding = 4; lastKnownFileType = sourcecode.c.objc; path = CMethods.m; sourceTree = "<group>"; };
		6FB1763A1983901900F194A7 /* MBProgressHUD.h */ = {isa = PBXFileReference; fileEncoding = 4; lastKnownFileType = sourcecode.c.h; path = MBProgressHUD.h; sourceTree = "<group>"; };
		6FB1763B1983901900F194A7 /* MBProgressHUD.m */ = {isa = PBXFileReference; fileEncoding = 4; lastKnownFileType = sourcecode.c.objc; path = MBProgressHUD.m; sourceTree = "<group>"; };
		6FB1763E1983909400F194A7 /* focus.png */ = {isa = PBXFileReference; lastKnownFileType = image.png; path = focus.png; sourceTree = "<group>"; };
		6FB17641198392B400F194A7 /* FTF_Global.h */ = {isa = PBXFileReference; fileEncoding = 4; lastKnownFileType = sourcecode.c.h; path = FTF_Global.h; sourceTree = "<group>"; };
		6FB17642198392B400F194A7 /* FTF_Global.m */ = {isa = PBXFileReference; fileEncoding = 4; lastKnownFileType = sourcecode.c.objc; path = FTF_Global.m; sourceTree = "<group>"; };
/* End PBXFileReference section */

/* Begin PBXFrameworksBuildPhase section */
		6FB175E619838AF400F194A7 /* Frameworks */ = {
			isa = PBXFrameworksBuildPhase;
			buildActionMask = 2147483647;
			files = (
				6F5378201989074E003A40C3 /* Security.framework in Frameworks */,
				6F53781E19890733003A40C3 /* MobileCoreServices.framework in Frameworks */,
				6F53781C19890722003A40C3 /* ImageIO.framework in Frameworks */,
				6F53781A19890716003A40C3 /* MediaPlayer.framework in Frameworks */,
				6F53781819890706003A40C3 /* SystemConfiguration.framework in Frameworks */,
				6F383BCA1989EF0300815ACA /* libGoogleAdMobAds.a in Frameworks */,
				6F537812198901DE003A40C3 /* libz.dylib in Frameworks */,
				6FB175EF19838AF400F194A7 /* CoreGraphics.framework in Frameworks */,
				6FB175F119838AF400F194A7 /* UIKit.framework in Frameworks */,
				6FB175ED19838AF400F194A7 /* Foundation.framework in Frameworks */,
				6F537810198900EE003A40C3 /* libMobClickLibrary.a in Frameworks */,
				6F537816198903BC003A40C3 /* libFlurry_5.2.0.a in Frameworks */,
			);
			runOnlyForDeploymentPostprocessing = 0;
		};
		6FB1760119838AF400F194A7 /* Frameworks */ = {
			isa = PBXFrameworksBuildPhase;
			buildActionMask = 2147483647;
			files = (
				6FB1760619838AF500F194A7 /* XCTest.framework in Frameworks */,
				6FB1760819838AF500F194A7 /* UIKit.framework in Frameworks */,
				6FB1760719838AF500F194A7 /* Foundation.framework in Frameworks */,
			);
			runOnlyForDeploymentPostprocessing = 0;
		};
/* End PBXFrameworksBuildPhase section */

/* Begin PBXGroup section */
		6F23A68C1989F3ED00027E9B /* Shadow */ = {
			isa = PBXGroup;
			children = (
				6F23A68D1989F40200027E9B /* shadowbig.png */,
				6F23A68E1989F40200027E9B /* shadownormal.png */,
				6F23A68F1989F40200027E9B /* shadowsmall.png */,
			);
			name = Shadow;
			sourceTree = "<group>";
		};
		6F23A6931989F8F500027E9B /* Menu */ = {
			isa = PBXGroup;
			children = (
				6F2DF1AC198A613800FCD7A2 /* icon_Feedback_normal@2x.png */,
				6F2DF1AD198A613800FCD7A2 /* icon_Feedback_pressed@2x.png */,
				6F2DF1AE198A613800FCD7A2 /* icon_Follow us_norma@2x.png */,
				6F2DF1AF198A613800FCD7A2 /* icon_Follow us_pressed@2x.png */,
				6F2DF1B0198A613800FCD7A2 /* icon_grade_norma@2x.png */,
				6F2DF1B1198A613800FCD7A2 /* icon_grade_pressed@2x.png */,
				6F2DF1B2198A613800FCD7A2 /* icon_share__pressed@2x.png */,
				6F2DF1B3198A613800FCD7A2 /* icon_share_normal@2x.png */,
				6F2DF1B4198A613800FCD7A2 /* icon_update_normal@2x.png */,
				6F2DF1B5198A613800FCD7A2 /* icon_update_pressed@2x.png */,
			);
			name = Menu;
			sourceTree = "<group>";
		};
		6F38022C198748D700193528 /* delegate */ = {
			isa = PBXGroup;
			children = (
				6F38022D198748FB00193528 /* FTF_Delegates.h */,
			);
			name = delegate;
			sourceTree = "<group>";
		};
		6F383BA81989EF0300815ACA /* Admob */ = {
			isa = PBXGroup;
			children = (
				6F383BA91989EF0300815ACA /* Add-ons */,
				6F383BBC1989EF0300815ACA /* GADAdMobExtras.h */,
				6F383BBD1989EF0300815ACA /* GADAdNetworkExtras.h */,
				6F383BBE1989EF0300815ACA /* GADAdSize.h */,
				6F383BBF1989EF0300815ACA /* GADBannerView.h */,
				6F383BC01989EF0300815ACA /* GADBannerViewDelegate.h */,
				6F383BC11989EF0300815ACA /* GADInAppPurchase.h */,
				6F383BC21989EF0300815ACA /* GADInAppPurchaseDelegate.h */,
				6F383BC31989EF0300815ACA /* GADInterstitial.h */,
				6F383BC41989EF0300815ACA /* GADInterstitialDelegate.h */,
				6F383BC51989EF0300815ACA /* GADModules.h */,
				6F383BC61989EF0300815ACA /* GADRequest.h */,
				6F383BC71989EF0300815ACA /* GADRequestError.h */,
				6F383BC81989EF0300815ACA /* libGoogleAdMobAds.a */,
			);
			name = Admob;
			path = GoogleMobileAds;
			sourceTree = "<group>";
		};
		6F383BA91989EF0300815ACA /* Add-ons */ = {
			isa = PBXGroup;
			children = (
				6F383BAA1989EF0300815ACA /* DoubleClick */,
				6F383BB21989EF0300815ACA /* Mediation */,
				6F383BB91989EF0300815ACA /* Search */,
			);
			path = "Add-ons";
			sourceTree = "<group>";
		};
		6F383BAA1989EF0300815ACA /* DoubleClick */ = {
			isa = PBXGroup;
			children = (
				6F383BAB1989EF0300815ACA /* DFPBannerView.h */,
				6F383BAC1989EF0300815ACA /* DFPExtras.h */,
				6F383BAD1989EF0300815ACA /* DFPInterstitial.h */,
				6F383BAE1989EF0300815ACA /* DFPSwipeableBannerView.h */,
				6F383BAF1989EF0300815ACA /* GADAdSizeDelegate.h */,
				6F383BB01989EF0300815ACA /* GADAppEventDelegate.h */,
				6F383BB11989EF0300815ACA /* GADSwipeableBannerViewDelegate.h */,
			);
			path = DoubleClick;
			sourceTree = "<group>";
		};
		6F383BB21989EF0300815ACA /* Mediation */ = {
			isa = PBXGroup;
			children = (
				6F383BB31989EF0300815ACA /* GADCustomEventBanner.h */,
				6F383BB41989EF0300815ACA /* GADCustomEventBannerDelegate.h */,
				6F383BB51989EF0300815ACA /* GADCustomEventExtras.h */,
				6F383BB61989EF0300815ACA /* GADCustomEventInterstitial.h */,
				6F383BB71989EF0300815ACA /* GADCustomEventInterstitialDelegate.h */,
				6F383BB81989EF0300815ACA /* GADCustomEventRequest.h */,
			);
			path = Mediation;
			sourceTree = "<group>";
		};
		6F383BB91989EF0300815ACA /* Search */ = {
			isa = PBXGroup;
			children = (
				6F383BBA1989EF0300815ACA /* GADSearchBannerView.h */,
				6F383BBB1989EF0300815ACA /* GADSearchRequest.h */,
			);
			path = Search;
			sourceTree = "<group>";
		};
		6F53778B1988C65F003A40C3 /* Material */ = {
			isa = PBXGroup;
			children = (
				6F53778C1988C68B003A40C3 /* FTF_MaterialViewController.h */,
				6F53778D1988C68B003A40C3 /* FTF_MaterialViewController.m */,
			);
			name = Material;
			sourceTree = "<group>";
		};
		6F5377911988C7B5003A40C3 /* Material */ = {
			isa = PBXGroup;
			children = (
				6F5377921988C7EE003A40C3 /* FTF_MaterialView.h */,
				6F5377931988C7EE003A40C3 /* FTF_MaterialView.m */,
				6F5377951988C823003A40C3 /* FTF_MaterialCell.h */,
				6F5377961988C823003A40C3 /* FTF_MaterialCell.m */,
			);
			name = Material;
			sourceTree = "<group>";
		};
		6F5377981988C960003A40C3 /* Animals */ = {
			isa = PBXGroup;
			children = (
				6F5377991988C96D003A40C3 /* animal01.jpg */,
				6F53779A1988C96D003A40C3 /* animal02.jpg */,
				6F53779B1988C96D003A40C3 /* animal03.jpg */,
				6F53779C1988C96D003A40C3 /* animal04.jpg */,
				6F53779D1988C96D003A40C3 /* animal05.jpg */,
				6F53779E1988C96D003A40C3 /* animal06.jpg */,
				6F53779F1988C96D003A40C3 /* animal07.jpg */,
				6F5377A01988C96D003A40C3 /* animal08.jpg */,
			);
			name = Animals;
			sourceTree = "<group>";
		};
		6F5377A91988C971003A40C3 /* CrossBones */ = {
			isa = PBXGroup;
			children = (
				6F5377AA1988C9F2003A40C3 /* crossBones01.jpg */,
				6F5377AB1988C9F2003A40C3 /* crossBones02.jpg */,
				6F5377AC1988C9F2003A40C3 /* crossBones03.jpg */,
				6F5377AD1988C9F2003A40C3 /* crossBones04.jpg */,
				6F5377AE1988C9F2003A40C3 /* crossBones05.jpg */,
				6F5377AF1988C9F2003A40C3 /* crossBones05.jpg */,
				6F5377B01988C9F2003A40C3 /* crossBones06.jpg */,
				6F5377B11988C9F2003A40C3 /* crossBones07.jpg */,
				6F5377B21988C9F2003A40C3 /* crossBones08.jpg */,
			);
			name = CrossBones;
			sourceTree = "<group>";
		};
		6F5377BC1988CA01003A40C3 /* Girls */ = {
			isa = PBXGroup;
			children = (
				6F5377BD1988CA36003A40C3 /* girl01.jpg */,
				6F5377BE1988CA36003A40C3 /* girl02.jpg */,
				6F5377BF1988CA36003A40C3 /* girl03.jpg */,
				6F5377C01988CA36003A40C3 /* girl04.jpg */,
				6F5377C11988CA36003A40C3 /* girl05.jpg */,
				6F5377C21988CA36003A40C3 /* girl06.jpg */,
				6F5377C31988CA36003A40C3 /* girl07.jpg */,
				6F5377C41988CA36003A40C3 /* girl08.jpg */,
			);
			name = Girls;
			sourceTree = "<group>";
		};
		6F5377CD1988CA3C003A40C3 /* masks */ = {
			isa = PBXGroup;
			children = (
				6F5377CE1988CA9B003A40C3 /* mask01.jpg */,
				6F5377CF1988CA9B003A40C3 /* mask02.jpg */,
				6F5377D01988CA9B003A40C3 /* mask03.jpg */,
				6F5377D11988CA9B003A40C3 /* mask04.jpg */,
				6F5377D21988CA9B003A40C3 /* mask05.jpg */,
				6F5377D31988CA9B003A40C3 /* mask06.jpg */,
				6F5377D41988CA9B003A40C3 /* mask07.jpg */,
				6F5377D51988CA9B003A40C3 /* mask08.jpg */,
				6F5377D61988CA9B003A40C3 /* mask09.jpg */,
			);
			name = masks;
			sourceTree = "<group>";
		};
		6F5377E01988CA9F003A40C3 /* Others */ = {
			isa = PBXGroup;
			children = (
				6F5377E11988CAE9003A40C3 /* other01.jpg */,
				6F5377E21988CAE9003A40C3 /* other02.jpg */,
				6F5377E31988CAE9003A40C3 /* other03.jpg */,
				6F5377E41988CAE9003A40C3 /* other04.jpg */,
				6F5377E51988CAE9003A40C3 /* other05.jpg */,
				6F5377E61988CAE9003A40C3 /* other06.jpg */,
				6F5377E71988CAE9003A40C3 /* other07.jpg */,
				6F5377E81988CAE9003A40C3 /* other08.jpg */,
				6F5377E91988CAE9003A40C3 /* other09.jpg */,
				6F5377EA1988CAE9003A40C3 /* other10.jpg */,
				6F5377EB1988CAE9003A40C3 /* other11.jpg */,
			);
			name = Others;
			sourceTree = "<group>";
		};
		6F5377F71988FE62003A40C3 /* SliderNav */ = {
			isa = PBXGroup;
			children = (
				6F5377FE1988FEAB003A40C3 /* LRNavigationController.h */,
				6F5377FF1988FEAB003A40C3 /* LRNavigationController.m */,
				6F5378001988FEAB003A40C3 /* SliderViewController.h */,
				6F5378011988FEAB003A40C3 /* SliderViewController.m */,
			);
			name = SliderNav;
			sourceTree = "<group>";
		};
		6F5378071988FF05003A40C3 /* Menu */ = {
			isa = PBXGroup;
			children = (
				6F5378041988FEEC003A40C3 /* Pic_MenuViewController.h */,
				6F5378051988FEEC003A40C3 /* Pic_MenuViewController.m */,
			);
			name = Menu;
			sourceTree = "<group>";
		};
		6F5378081988FF5E003A40C3 /* More */ = {
			isa = PBXGroup;
			children = (
				6F5378091988FF6B003A40C3 /* Pic_RootTableViewCellObject.h */,
				6F53780A1988FF6B003A40C3 /* Pic_RootTableViewCellObject.m */,
			);
			name = More;
			sourceTree = "<group>";
		};
		6F53780C1989009A003A40C3 /* UMeng */ = {
			isa = PBXGroup;
			children = (
				6F53780D198900EE003A40C3 /* libMobClickLibrary.a */,
				6F53780E198900EE003A40C3 /* MobClick.h */,
				6F53780F198900EE003A40C3 /* MobClickSocialAnalytics.h */,
			);
			name = UMeng;
			sourceTree = "<group>";
		};
		6F537813198903AC003A40C3 /* Flurry */ = {
			isa = PBXGroup;
			children = (
				6F537814198903BC003A40C3 /* Flurry.h */,
				6F537815198903BC003A40C3 /* libFlurry_5.2.0.a */,
			);
			name = Flurry;
			sourceTree = "<group>";
		};
		6F7644E61985F546009FEFE7 /* EditFace */ = {
			isa = PBXGroup;
			children = (
				6F7644E71985F577009FEFE7 /* FTF_EditFaceViewController.h */,
				6F7644E81985F577009FEFE7 /* FTF_EditFaceViewController.m */,
			);
			name = EditFace;
			sourceTree = "<group>";
		};
		6F7644EC19862FCD009FEFE7 /* lines */ = {
			isa = PBXGroup;
			children = (
				6F7644ED19863007009FEFE7 /* UIBezierPath-Points.h */,
				6F7644EE19863007009FEFE7 /* UIBezierPath-Points.m */,
				6F7644EF19863007009FEFE7 /* MZCroppableView.h */,
				6F7644F019863007009FEFE7 /* MZCroppableView.m */,
			);
			name = lines;
			sourceTree = "<group>";
		};
		6F7644F319864C12009FEFE7 /* BigShow */ = {
			isa = PBXGroup;
			children = (
				6F7644F419864C35009FEFE7 /* ACMagnifyingGlass.h */,
				6F7644F519864C35009FEFE7 /* ACMagnifyingGlass.m */,
				6F7644F619864C35009FEFE7 /* ACLoupe.h */,
				6F7644F719864C35009FEFE7 /* ACLoupe.m */,
				6F7644FA19865681009FEFE7 /* ACMagnifyingView.h */,
				6F7644FB19865681009FEFE7 /* ACMagnifyingView.m */,
			);
			name = BigShow;
			sourceTree = "<group>";
		};
		6FB175E019838AF400F194A7 = {
			isa = PBXGroup;
			children = (
				6FB175F219838AF400F194A7 /* iOSChangeFace */,
				6FB1760B19838AF500F194A7 /* iOSChangeFaceTests */,
				6FB175EB19838AF400F194A7 /* Frameworks */,
				6FB175EA19838AF400F194A7 /* Products */,
			);
			sourceTree = "<group>";
		};
		6FB175EA19838AF400F194A7 /* Products */ = {
			isa = PBXGroup;
			children = (
				6FB175E919838AF400F194A7 /* iOSChangeFace.app */,
				6FB1760419838AF400F194A7 /* iOSChangeFaceTests.xctest */,
			);
			name = Products;
			sourceTree = "<group>";
		};
		6FB175EB19838AF400F194A7 /* Frameworks */ = {
			isa = PBXGroup;
			children = (
				6F53781F1989074E003A40C3 /* Security.framework */,
				6F53781D19890733003A40C3 /* MobileCoreServices.framework */,
				6F53781B19890722003A40C3 /* ImageIO.framework */,
				6F53781919890716003A40C3 /* MediaPlayer.framework */,
				6F53781719890706003A40C3 /* SystemConfiguration.framework */,
				6F537811198901DE003A40C3 /* libz.dylib */,
				6FB175EC19838AF400F194A7 /* Foundation.framework */,
				6FB175EE19838AF400F194A7 /* CoreGraphics.framework */,
				6FB175F019838AF400F194A7 /* UIKit.framework */,
				6FB1760519838AF500F194A7 /* XCTest.framework */,
			);
			name = Frameworks;
			sourceTree = "<group>";
		};
		6FB175F219838AF400F194A7 /* iOSChangeFace */ = {
			isa = PBXGroup;
			children = (
				6FB175FB19838AF400F194A7 /* AppDelegate.h */,
				6FB175FC19838AF400F194A7 /* AppDelegate.m */,
				6FB1762219838B4600F194A7 /* Controllers */,
				6FB1762119838B3D00F194A7 /* Views */,
				6FB1762019838B2A00F194A7 /* Models */,
				6FB1763419838F3E00F194A7 /* Shares */,
				6FB1762C19838E0100F194A7 /* Categorys */,
				6FB1762319838B5100F194A7 /* Images */,
				6FB1762419838B5600F194A7 /* Xibs */,
				6FB175FE19838AF400F194A7 /* Images.xcassets */,
				6FB175F319838AF400F194A7 /* Supporting Files */,
			);
			path = iOSChangeFace;
			sourceTree = "<group>";
		};
		6FB175F319838AF400F194A7 /* Supporting Files */ = {
			isa = PBXGroup;
			children = (
				6FB175F419838AF400F194A7 /* iOSChangeFace-Info.plist */,
				6FB175F519838AF400F194A7 /* InfoPlist.strings */,
				6FB175F819838AF400F194A7 /* main.m */,
				6FB175FA19838AF400F194A7 /* iOSChangeFace-Prefix.pch */,
			);
			name = "Supporting Files";
			sourceTree = "<group>";
		};
		6FB1760B19838AF500F194A7 /* iOSChangeFaceTests */ = {
			isa = PBXGroup;
			children = (
				6FB1761119838AF500F194A7 /* iOSChangeFaceTests.m */,
				6FB1760C19838AF500F194A7 /* Supporting Files */,
			);
			path = iOSChangeFaceTests;
			sourceTree = "<group>";
		};
		6FB1760C19838AF500F194A7 /* Supporting Files */ = {
			isa = PBXGroup;
			children = (
				6FB1760D19838AF500F194A7 /* iOSChangeFaceTests-Info.plist */,
				6FB1760E19838AF500F194A7 /* InfoPlist.strings */,
			);
			name = "Supporting Files";
			sourceTree = "<group>";
		};
		6FB1762019838B2A00F194A7 /* Models */ = {
			isa = PBXGroup;
			children = (
				6FB1763819838FFD00F194A7 /* CMethod */,
				6F38022C198748D700193528 /* delegate */,
				6F5378081988FF5E003A40C3 /* More */,
				6FB176401983929800F194A7 /* Global */,
			);
			name = Models;
			sourceTree = "<group>";
		};
		6FB1762119838B3D00F194A7 /* Views */ = {
			isa = PBXGroup;
			children = (
				6F5377911988C7B5003A40C3 /* Material */,
				6F7644F319864C12009FEFE7 /* BigShow */,
				6F7644EC19862FCD009FEFE7 /* lines */,
			);
			name = Views;
			sourceTree = "<group>";
		};
		6FB1762219838B4600F194A7 /* Controllers */ = {
			isa = PBXGroup;
			children = (
				6F5377F71988FE62003A40C3 /* SliderNav */,
				6FB1762519838C1400F194A7 /* Root */,
				6FB1762619838C2400F194A7 /* AdjustFace */,
				6F7644E61985F546009FEFE7 /* EditFace */,
				6F53778B1988C65F003A40C3 /* Material */,
				6F5378071988FF05003A40C3 /* Menu */,
			);
			name = Controllers;
			sourceTree = "<group>";
		};
		6FB1762319838B5100F194A7 /* Images */ = {
			isa = PBXGroup;
			children = (
				6FB1763E1983909400F194A7 /* focus.png */,
				6FB1763219838E5A00F194A7 /* 01.png */,
				6F23A6931989F8F500027E9B /* Menu */,
				6F23A68C1989F3ED00027E9B /* Shadow */,
				6F5377BC1988CA01003A40C3 /* Girls */,
				6F5377981988C960003A40C3 /* Animals */,
				6F5377A91988C971003A40C3 /* CrossBones */,
				6F5377CD1988CA3C003A40C3 /* masks */,
				6F5377E01988CA9F003A40C3 /* Others */,
			);
			name = Images;
			sourceTree = "<group>";
		};
		6FB1762419838B5600F194A7 /* Xibs */ = {
			isa = PBXGroup;
			children = (
				6F53778E1988C68B003A40C3 /* FTF_MaterialViewController.xib */,
				6FB1761D19838B2500F194A7 /* FTF_RootViewController.xib */,
				6FB1762919838D5F00F194A7 /* FTF_AdjustFaceViewController.xib */,
				6F7644E91985F577009FEFE7 /* FTF_EditFaceViewController.xib */,
			);
			name = Xibs;
			sourceTree = "<group>";
		};
		6FB1762519838C1400F194A7 /* Root */ = {
			isa = PBXGroup;
			children = (
				6FB1761B19838B2500F194A7 /* FTF_RootViewController.h */,
				6FB1761C19838B2500F194A7 /* FTF_RootViewController.m */,
			);
			name = Root;
			sourceTree = "<group>";
		};
		6FB1762619838C2400F194A7 /* AdjustFace */ = {
			isa = PBXGroup;
			children = (
				6FB1762719838D5F00F194A7 /* FTF_AdjustFaceViewController.h */,
				6FB1762819838D5F00F194A7 /* FTF_AdjustFaceViewController.m */,
			);
			name = AdjustFace;
			sourceTree = "<group>";
		};
		6FB1762C19838E0100F194A7 /* Categorys */ = {
			isa = PBXGroup;
			children = (
				6FB1762D19838E1400F194A7 /* UIImage+Zoom.h */,
				6FB1762E19838E1400F194A7 /* UIImage+Zoom.m */,
			);
			name = Categorys;
			sourceTree = "<group>";
		};
		6FB1763419838F3E00F194A7 /* Shares */ = {
			isa = PBXGroup;
			children = (
				6F383BA81989EF0300815ACA /* Admob */,
				6F537813198903AC003A40C3 /* Flurry */,
				6F53780C1989009A003A40C3 /* UMeng */,
				6FB1763D1983903D00F194A7 /* AFN */,
				6FB176391983900C00F194A7 /* MBP */,
			);
			name = Shares;
			sourceTree = "<group>";
		};
		6FB1763819838FFD00F194A7 /* CMethod */ = {
			isa = PBXGroup;
			children = (
				6FB1763519838F7300F194A7 /* CMethods.h */,
				6FB1763619838F7300F194A7 /* CMethods.m */,
			);
			name = CMethod;
			sourceTree = "<group>";
		};
		6FB176391983900C00F194A7 /* MBP */ = {
			isa = PBXGroup;
			children = (
				6FB1763A1983901900F194A7 /* MBProgressHUD.h */,
				6FB1763B1983901900F194A7 /* MBProgressHUD.m */,
			);
			name = MBP;
			sourceTree = "<group>";
		};
		6FB1763D1983903D00F194A7 /* AFN */ = {
			isa = PBXGroup;
			children = (
			);
			name = AFN;
			sourceTree = "<group>";
		};
		6FB176401983929800F194A7 /* Global */ = {
			isa = PBXGroup;
			children = (
				6FB17641198392B400F194A7 /* FTF_Global.h */,
				6FB17642198392B400F194A7 /* FTF_Global.m */,
			);
			name = Global;
			sourceTree = "<group>";
		};
/* End PBXGroup section */

/* Begin PBXNativeTarget section */
		6FB175E819838AF400F194A7 /* iOSChangeFace */ = {
			isa = PBXNativeTarget;
			buildConfigurationList = 6FB1761519838AF500F194A7 /* Build configuration list for PBXNativeTarget "iOSChangeFace" */;
			buildPhases = (
				6FB175E519838AF400F194A7 /* Sources */,
				6FB175E619838AF400F194A7 /* Frameworks */,
				6FB175E719838AF400F194A7 /* Resources */,
			);
			buildRules = (
			);
			dependencies = (
			);
			name = iOSChangeFace;
			productName = iOSChangeFace;
			productReference = 6FB175E919838AF400F194A7 /* iOSChangeFace.app */;
			productType = "com.apple.product-type.application";
		};
		6FB1760319838AF400F194A7 /* iOSChangeFaceTests */ = {
			isa = PBXNativeTarget;
			buildConfigurationList = 6FB1761819838AF500F194A7 /* Build configuration list for PBXNativeTarget "iOSChangeFaceTests" */;
			buildPhases = (
				6FB1760019838AF400F194A7 /* Sources */,
				6FB1760119838AF400F194A7 /* Frameworks */,
				6FB1760219838AF400F194A7 /* Resources */,
			);
			buildRules = (
			);
			dependencies = (
				6FB1760A19838AF500F194A7 /* PBXTargetDependency */,
			);
			name = iOSChangeFaceTests;
			productName = iOSChangeFaceTests;
			productReference = 6FB1760419838AF400F194A7 /* iOSChangeFaceTests.xctest */;
			productType = "com.apple.product-type.bundle.unit-test";
		};
/* End PBXNativeTarget section */

/* Begin PBXProject section */
		6FB175E119838AF400F194A7 /* Project object */ = {
			isa = PBXProject;
			attributes = {
				LastUpgradeCheck = 0510;
				ORGANIZATIONNAME = rcplatform;
				TargetAttributes = {
					6FB1760319838AF400F194A7 = {
						TestTargetID = 6FB175E819838AF400F194A7;
					};
				};
			};
			buildConfigurationList = 6FB175E419838AF400F194A7 /* Build configuration list for PBXProject "iOSChangeFace" */;
			compatibilityVersion = "Xcode 3.2";
			developmentRegion = English;
			hasScannedForEncodings = 0;
			knownRegions = (
				en,
			);
			mainGroup = 6FB175E019838AF400F194A7;
			productRefGroup = 6FB175EA19838AF400F194A7 /* Products */;
			projectDirPath = "";
			projectRoot = "";
			targets = (
				6FB175E819838AF400F194A7 /* iOSChangeFace */,
				6FB1760319838AF400F194A7 /* iOSChangeFaceTests */,
			);
		};
/* End PBXProject section */

/* Begin PBXResourcesBuildPhase section */
		6FB175E719838AF400F194A7 /* Resources */ = {
			isa = PBXResourcesBuildPhase;
			buildActionMask = 2147483647;
			files = (
				6FB1763319838E5A00F194A7 /* 01.png in Resources */,
				6F23A6921989F40200027E9B /* shadowsmall.png in Resources */,
				6F5377F01988CAE9003A40C3 /* other05.jpg in Resources */,
				6F5377EC1988CAE9003A40C3 /* other01.jpg in Resources */,
				6F5377DE1988CA9B003A40C3 /* mask08.jpg in Resources */,
				6F7644EB1985F577009FEFE7 /* FTF_EditFaceViewController.xib in Resources */,
				6FB175F719838AF400F194A7 /* InfoPlist.strings in Resources */,
				6F2DF1B7198A613800FCD7A2 /* icon_Feedback_pressed@2x.png in Resources */,
				6F5377A21988C96D003A40C3 /* animal02.jpg in Resources */,
				6F5377D91988CA9B003A40C3 /* mask03.jpg in Resources */,
				6F5377A61988C96D003A40C3 /* animal06.jpg in Resources */,
				6FB1761F19838B2500F194A7 /* FTF_RootViewController.xib in Resources */,
				6F5377A81988C96D003A40C3 /* animal08.jpg in Resources */,
				6F5377DB1988CA9B003A40C3 /* mask05.jpg in Resources */,
				6F5377B81988C9F2003A40C3 /* crossBones05.jpg in Resources */,
				6F5377F41988CAE9003A40C3 /* other09.jpg in Resources */,
				6F2DF1BC198A613800FCD7A2 /* icon_share__pressed@2x.png in Resources */,
				6F5377F61988CAE9003A40C3 /* other11.jpg in Resources */,
				6F5377C61988CA36003A40C3 /* girl02.jpg in Resources */,
				6F5377A41988C96D003A40C3 /* animal04.jpg in Resources */,
				6F5377D81988CA9B003A40C3 /* mask02.jpg in Resources */,
				6F2DF1BB198A613800FCD7A2 /* icon_grade_pressed@2x.png in Resources */,
				6F2DF1BE198A613800FCD7A2 /* icon_update_normal@2x.png in Resources */,
				6F5377DF1988CA9B003A40C3 /* mask09.jpg in Resources */,
				6F5377F21988CAE9003A40C3 /* other07.jpg in Resources */,
				6F5377CA1988CA36003A40C3 /* girl06.jpg in Resources */,
				6F2DF1B6198A613800FCD7A2 /* icon_Feedback_normal@2x.png in Resources */,
				6F5377C71988CA36003A40C3 /* girl03.jpg in Resources */,
				6F5377B41988C9F2003A40C3 /* crossBones02.jpg in Resources */,
				6F5377B51988C9F2003A40C3 /* crossBones03.jpg in Resources */,
				6F5377CB1988CA36003A40C3 /* girl07.jpg in Resources */,
				6FB1762B19838D5F00F194A7 /* FTF_AdjustFaceViewController.xib in Resources */,
				6F2DF1BA198A613800FCD7A2 /* icon_grade_norma@2x.png in Resources */,
				6F5377A71988C96D003A40C3 /* animal07.jpg in Resources */,
				6F5377DD1988CA9B003A40C3 /* mask07.jpg in Resources */,
				6F5377F31988CAE9003A40C3 /* other08.jpg in Resources */,
				6F5377B91988C9F2003A40C3 /* crossBones06.jpg in Resources */,
				6F5377A11988C96D003A40C3 /* animal01.jpg in Resources */,
				6F5377901988C68B003A40C3 /* FTF_MaterialViewController.xib in Resources */,
				6F5377BB1988C9F2003A40C3 /* crossBones08.jpg in Resources */,
				6F5377B31988C9F2003A40C3 /* crossBones01.jpg in Resources */,
				6F5377F51988CAE9003A40C3 /* other10.jpg in Resources */,
				6FB1763F1983909400F194A7 /* focus.png in Resources */,
				6F5377CC1988CA36003A40C3 /* girl08.jpg in Resources */,
				6F5377EE1988CAE9003A40C3 /* other03.jpg in Resources */,
				6F23A6901989F40200027E9B /* shadowbig.png in Resources */,
				6F2DF1B8198A613800FCD7A2 /* icon_Follow us_norma@2x.png in Resources */,
				6F5377DA1988CA9B003A40C3 /* mask04.jpg in Resources */,
				6F5377F11988CAE9003A40C3 /* other06.jpg in Resources */,
				6F2DF1BF198A613800FCD7A2 /* icon_update_pressed@2x.png in Resources */,
				6F5377B61988C9F2003A40C3 /* crossBones04.jpg in Resources */,
				6F5377C81988CA36003A40C3 /* girl04.jpg in Resources */,
				6F5377ED1988CAE9003A40C3 /* other02.jpg in Resources */,
				6F5377B71988C9F2003A40C3 /* crossBones05.jpg in Resources */,
				6F5377A31988C96D003A40C3 /* animal03.jpg in Resources */,
				6F5377C51988CA36003A40C3 /* girl01.jpg in Resources */,
				6F5377C91988CA36003A40C3 /* girl05.jpg in Resources */,
				6F5377DC1988CA9B003A40C3 /* mask06.jpg in Resources */,
				6F2DF1BD198A613800FCD7A2 /* icon_share_normal@2x.png in Resources */,
				6F5377D71988CA9B003A40C3 /* mask01.jpg in Resources */,
				6F2DF1B9198A613800FCD7A2 /* icon_Follow us_pressed@2x.png in Resources */,
				6F5377EF1988CAE9003A40C3 /* other04.jpg in Resources */,
				6F23A6911989F40200027E9B /* shadownormal.png in Resources */,
				6F5377A51988C96D003A40C3 /* animal05.jpg in Resources */,
				6FB175FF19838AF400F194A7 /* Images.xcassets in Resources */,
				6F5377BA1988C9F2003A40C3 /* crossBones07.jpg in Resources */,
			);
			runOnlyForDeploymentPostprocessing = 0;
		};
		6FB1760219838AF400F194A7 /* Resources */ = {
			isa = PBXResourcesBuildPhase;
			buildActionMask = 2147483647;
			files = (
				6FB1761019838AF500F194A7 /* InfoPlist.strings in Resources */,
			);
			runOnlyForDeploymentPostprocessing = 0;
		};
/* End PBXResourcesBuildPhase section */

/* Begin PBXSourcesBuildPhase section */
		6FB175E519838AF400F194A7 /* Sources */ = {
			isa = PBXSourcesBuildPhase;
			buildActionMask = 2147483647;
			files = (
				6FB1761E19838B2500F194A7 /* FTF_RootViewController.m in Sources */,
				6F53780B1988FF6B003A40C3 /* Pic_RootTableViewCellObject.m in Sources */,
				6F5378031988FEAB003A40C3 /* SliderViewController.m in Sources */,
				6FB1762A19838D5F00F194A7 /* FTF_AdjustFaceViewController.m in Sources */,
				6F7644F219863007009FEFE7 /* MZCroppableView.m in Sources */,
				6FB1762F19838E1400F194A7 /* UIImage+Zoom.m in Sources */,
				6FB175FD19838AF400F194A7 /* AppDelegate.m in Sources */,
				6F7644F819864C35009FEFE7 /* ACMagnifyingGlass.m in Sources */,
				6F5377941988C7EE003A40C3 /* FTF_MaterialView.m in Sources */,
				6F5378021988FEAB003A40C3 /* LRNavigationController.m in Sources */,
				6FB1763719838F7300F194A7 /* CMethods.m in Sources */,
				6F7644F919864C35009FEFE7 /* ACLoupe.m in Sources */,
				6F7644EA1985F577009FEFE7 /* FTF_EditFaceViewController.m in Sources */,
				6F7644F119863007009FEFE7 /* UIBezierPath-Points.m in Sources */,
				6FB175F919838AF400F194A7 /* main.m in Sources */,
				6F5377971988C823003A40C3 /* FTF_MaterialCell.m in Sources */,
				6FB1763C1983901900F194A7 /* MBProgressHUD.m in Sources */,
				6F53778F1988C68B003A40C3 /* FTF_MaterialViewController.m in Sources */,
				6FB17643198392B400F194A7 /* FTF_Global.m in Sources */,
				6F5378061988FEEC003A40C3 /* Pic_MenuViewController.m in Sources */,
				6F7644FC19865681009FEFE7 /* ACMagnifyingView.m in Sources */,
			);
			runOnlyForDeploymentPostprocessing = 0;
		};
		6FB1760019838AF400F194A7 /* Sources */ = {
			isa = PBXSourcesBuildPhase;
			buildActionMask = 2147483647;
			files = (
				6FB1761219838AF500F194A7 /* iOSChangeFaceTests.m in Sources */,
			);
			runOnlyForDeploymentPostprocessing = 0;
		};
/* End PBXSourcesBuildPhase section */

/* Begin PBXTargetDependency section */
		6FB1760A19838AF500F194A7 /* PBXTargetDependency */ = {
			isa = PBXTargetDependency;
			target = 6FB175E819838AF400F194A7 /* iOSChangeFace */;
			targetProxy = 6FB1760919838AF500F194A7 /* PBXContainerItemProxy */;
		};
/* End PBXTargetDependency section */

/* Begin PBXVariantGroup section */
		6FB175F519838AF400F194A7 /* InfoPlist.strings */ = {
			isa = PBXVariantGroup;
			children = (
				6FB175F619838AF400F194A7 /* en */,
			);
			name = InfoPlist.strings;
			sourceTree = "<group>";
		};
		6FB1760E19838AF500F194A7 /* InfoPlist.strings */ = {
			isa = PBXVariantGroup;
			children = (
				6FB1760F19838AF500F194A7 /* en */,
			);
			name = InfoPlist.strings;
			sourceTree = "<group>";
		};
/* End PBXVariantGroup section */

/* Begin XCBuildConfiguration section */
		6FB1761319838AF500F194A7 /* Debug */ = {
			isa = XCBuildConfiguration;
			buildSettings = {
				ALWAYS_SEARCH_USER_PATHS = NO;
				CLANG_CXX_LANGUAGE_STANDARD = "gnu++0x";
				CLANG_CXX_LIBRARY = "libc++";
				CLANG_ENABLE_MODULES = YES;
				CLANG_ENABLE_OBJC_ARC = YES;
				CLANG_WARN_BOOL_CONVERSION = YES;
				CLANG_WARN_CONSTANT_CONVERSION = YES;
				CLANG_WARN_DIRECT_OBJC_ISA_USAGE = YES_ERROR;
				CLANG_WARN_EMPTY_BODY = YES;
				CLANG_WARN_ENUM_CONVERSION = YES;
				CLANG_WARN_INT_CONVERSION = YES;
				CLANG_WARN_OBJC_ROOT_CLASS = YES_ERROR;
				CLANG_WARN__DUPLICATE_METHOD_MATCH = YES;
				"CODE_SIGN_IDENTITY[sdk=iphoneos*]" = "iPhone Developer";
				COPY_PHASE_STRIP = NO;
				GCC_C_LANGUAGE_STANDARD = gnu99;
				GCC_DYNAMIC_NO_PIC = NO;
				GCC_OPTIMIZATION_LEVEL = 0;
				GCC_PREPROCESSOR_DEFINITIONS = (
					"DEBUG=1",
					"$(inherited)",
				);
				GCC_SYMBOLS_PRIVATE_EXTERN = NO;
				GCC_WARN_64_TO_32_BIT_CONVERSION = YES;
				GCC_WARN_ABOUT_RETURN_TYPE = YES_ERROR;
				GCC_WARN_UNDECLARED_SELECTOR = YES;
				GCC_WARN_UNINITIALIZED_AUTOS = YES_AGGRESSIVE;
				GCC_WARN_UNUSED_FUNCTION = YES;
				GCC_WARN_UNUSED_VARIABLE = YES;
				IPHONEOS_DEPLOYMENT_TARGET = 7.1;
				ONLY_ACTIVE_ARCH = YES;
				SDKROOT = iphoneos;
			};
			name = Debug;
		};
		6FB1761419838AF500F194A7 /* Release */ = {
			isa = XCBuildConfiguration;
			buildSettings = {
				ALWAYS_SEARCH_USER_PATHS = NO;
				CLANG_CXX_LANGUAGE_STANDARD = "gnu++0x";
				CLANG_CXX_LIBRARY = "libc++";
				CLANG_ENABLE_MODULES = YES;
				CLANG_ENABLE_OBJC_ARC = YES;
				CLANG_WARN_BOOL_CONVERSION = YES;
				CLANG_WARN_CONSTANT_CONVERSION = YES;
				CLANG_WARN_DIRECT_OBJC_ISA_USAGE = YES_ERROR;
				CLANG_WARN_EMPTY_BODY = YES;
				CLANG_WARN_ENUM_CONVERSION = YES;
				CLANG_WARN_INT_CONVERSION = YES;
				CLANG_WARN_OBJC_ROOT_CLASS = YES_ERROR;
				CLANG_WARN__DUPLICATE_METHOD_MATCH = YES;
				"CODE_SIGN_IDENTITY[sdk=iphoneos*]" = "iPhone Developer";
				COPY_PHASE_STRIP = YES;
				ENABLE_NS_ASSERTIONS = NO;
				GCC_C_LANGUAGE_STANDARD = gnu99;
				GCC_WARN_64_TO_32_BIT_CONVERSION = YES;
				GCC_WARN_ABOUT_RETURN_TYPE = YES_ERROR;
				GCC_WARN_UNDECLARED_SELECTOR = YES;
				GCC_WARN_UNINITIALIZED_AUTOS = YES_AGGRESSIVE;
				GCC_WARN_UNUSED_FUNCTION = YES;
				GCC_WARN_UNUSED_VARIABLE = YES;
				IPHONEOS_DEPLOYMENT_TARGET = 7.1;
				SDKROOT = iphoneos;
				VALIDATE_PRODUCT = YES;
			};
			name = Release;
		};
		6FB1761619838AF500F194A7 /* Debug */ = {
			isa = XCBuildConfiguration;
			buildSettings = {
				ASSETCATALOG_COMPILER_APPICON_NAME = AppIcon;
				ASSETCATALOG_COMPILER_LAUNCHIMAGE_NAME = LaunchImage;
				CODE_SIGN_IDENTITY = "iPhone Developer: 录扬 Gao (J224G47YTX)";
				GCC_PRECOMPILE_PREFIX_HEADER = YES;
				GCC_PREFIX_HEADER = "iOSChangeFace/iOSChangeFace-Prefix.pch";
				INFOPLIST_FILE = "iOSChangeFace/iOSChangeFace-Info.plist";
				LIBRARY_SEARCH_PATHS = (
					"$(inherited)",
					"$(PROJECT_DIR)/iOSChangeFace",
					"$(PROJECT_DIR)/iOSChangeFace/GoogleMobileAds",
				);
				OTHER_LDFLAGS = "-ObjC";
				PRODUCT_NAME = "$(TARGET_NAME)";
				PROVISIONING_PROFILE = "B6841E65-2329-4859-81FD-85C6CF13E333";
				WRAPPER_EXTENSION = app;
			};
			name = Debug;
		};
		6FB1761719838AF500F194A7 /* Release */ = {
			isa = XCBuildConfiguration;
			buildSettings = {
				ASSETCATALOG_COMPILER_APPICON_NAME = AppIcon;
				ASSETCATALOG_COMPILER_LAUNCHIMAGE_NAME = LaunchImage;
				CODE_SIGN_IDENTITY = "iPhone Developer: 录扬 Gao (J224G47YTX)";
				GCC_PRECOMPILE_PREFIX_HEADER = YES;
				GCC_PREFIX_HEADER = "iOSChangeFace/iOSChangeFace-Prefix.pch";
				INFOPLIST_FILE = "iOSChangeFace/iOSChangeFace-Info.plist";
				LIBRARY_SEARCH_PATHS = (
					"$(inherited)",
					"$(PROJECT_DIR)/iOSChangeFace",
					"$(PROJECT_DIR)/iOSChangeFace/GoogleMobileAds",
				);
				OTHER_LDFLAGS = "-ObjC";
				PRODUCT_NAME = "$(TARGET_NAME)";
				PROVISIONING_PROFILE = "B6841E65-2329-4859-81FD-85C6CF13E333";
				WRAPPER_EXTENSION = app;
			};
			name = Release;
		};
		6FB1761919838AF500F194A7 /* Debug */ = {
			isa = XCBuildConfiguration;
			buildSettings = {
				BUNDLE_LOADER = "$(BUILT_PRODUCTS_DIR)/iOSChangeFace.app/iOSChangeFace";
				FRAMEWORK_SEARCH_PATHS = (
					"$(SDKROOT)/Developer/Library/Frameworks",
					"$(inherited)",
					"$(DEVELOPER_FRAMEWORKS_DIR)",
				);
				GCC_PRECOMPILE_PREFIX_HEADER = YES;
				GCC_PREFIX_HEADER = "iOSChangeFace/iOSChangeFace-Prefix.pch";
				GCC_PREPROCESSOR_DEFINITIONS = (
					"DEBUG=1",
					"$(inherited)",
				);
				INFOPLIST_FILE = "iOSChangeFaceTests/iOSChangeFaceTests-Info.plist";
				PRODUCT_NAME = "$(TARGET_NAME)";
				TEST_HOST = "$(BUNDLE_LOADER)";
				WRAPPER_EXTENSION = xctest;
			};
			name = Debug;
		};
		6FB1761A19838AF500F194A7 /* Release */ = {
			isa = XCBuildConfiguration;
			buildSettings = {
				BUNDLE_LOADER = "$(BUILT_PRODUCTS_DIR)/iOSChangeFace.app/iOSChangeFace";
				FRAMEWORK_SEARCH_PATHS = (
					"$(SDKROOT)/Developer/Library/Frameworks",
					"$(inherited)",
					"$(DEVELOPER_FRAMEWORKS_DIR)",
				);
				GCC_PRECOMPILE_PREFIX_HEADER = YES;
				GCC_PREFIX_HEADER = "iOSChangeFace/iOSChangeFace-Prefix.pch";
				INFOPLIST_FILE = "iOSChangeFaceTests/iOSChangeFaceTests-Info.plist";
				PRODUCT_NAME = "$(TARGET_NAME)";
				TEST_HOST = "$(BUNDLE_LOADER)";
				WRAPPER_EXTENSION = xctest;
			};
			name = Release;
		};
/* End XCBuildConfiguration section */

/* Begin XCConfigurationList section */
		6FB175E419838AF400F194A7 /* Build configuration list for PBXProject "iOSChangeFace" */ = {
			isa = XCConfigurationList;
			buildConfigurations = (
				6FB1761319838AF500F194A7 /* Debug */,
				6FB1761419838AF500F194A7 /* Release */,
			);
			defaultConfigurationIsVisible = 0;
			defaultConfigurationName = Release;
		};
		6FB1761519838AF500F194A7 /* Build configuration list for PBXNativeTarget "iOSChangeFace" */ = {
			isa = XCConfigurationList;
			buildConfigurations = (
				6FB1761619838AF500F194A7 /* Debug */,
				6FB1761719838AF500F194A7 /* Release */,
			);
			defaultConfigurationIsVisible = 0;
			defaultConfigurationName = Release;
		};
		6FB1761819838AF500F194A7 /* Build configuration list for PBXNativeTarget "iOSChangeFaceTests" */ = {
			isa = XCConfigurationList;
			buildConfigurations = (
				6FB1761919838AF500F194A7 /* Debug */,
				6FB1761A19838AF500F194A7 /* Release */,
			);
			defaultConfigurationIsVisible = 0;
			defaultConfigurationName = Release;
		};
/* End XCConfigurationList section */
	};
	rootObject = 6FB175E119838AF400F194A7 /* Project object */;
}
